// !$*UTF8*$!
{
	archiveVersion = 1;
	classes = {
	};
	objectVersion = 56;
	objects = {

/* Begin PBXBuildFile section */
		6E9A41F22A84B7F6004D2C12 /* As2GameApp.swift in Sources */ = {isa = PBXBuildFile; fileRef = 6E9A41F12A84B7F6004D2C12 /* As2GameApp.swift */; };
		6E9A41F62A84B7F7004D2C12 /* Assets.xcassets in Resources */ = {isa = PBXBuildFile; fileRef = 6E9A41F52A84B7F7004D2C12 /* Assets.xcassets */; };
		6E9A41F92A84B7F7004D2C12 /* Preview Assets.xcassets in Resources */ = {isa = PBXBuildFile; fileRef = 6E9A41F82A84B7F7004D2C12 /* Preview Assets.xcassets */; };
		6E9A42032A84B7F8004D2C12 /* As2GameTests.swift in Sources */ = {isa = PBXBuildFile; fileRef = 6E9A42022A84B7F8004D2C12 /* As2GameTests.swift */; };
		6E9A420D2A84B7F8004D2C12 /* As2GameUITests.swift in Sources */ = {isa = PBXBuildFile; fileRef = 6E9A420C2A84B7F8004D2C12 /* As2GameUITests.swift */; };
		6E9A420F2A84B7F8004D2C12 /* As2GameUITestsLaunchTests.swift in Sources */ = {isa = PBXBuildFile; fileRef = 6E9A420E2A84B7F8004D2C12 /* As2GameUITestsLaunchTests.swift */; };
		6E9A421E2A862E90004D2C12 /* UserModel.xcdatamodeld in Sources */ = {isa = PBXBuildFile; fileRef = 6E9A421C2A862E8F004D2C12 /* UserModel.xcdatamodeld */; };
		6E9A42202A863050004D2C12 /* DataController.swift in Sources */ = {isa = PBXBuildFile; fileRef = 6E9A421F2A863050004D2C12 /* DataController.swift */; };
		6E9A42232A866C49004D2C12 /* AddUserView.swift in Sources */ = {isa = PBXBuildFile; fileRef = 6E9A42222A866C49004D2C12 /* AddUserView.swift */; };
		6E9A42262A88F8D1004D2C12 /* LogInView.swift in Sources */ = {isa = PBXBuildFile; fileRef = 6E9A42252A88F8D1004D2C12 /* LogInView.swift */; };
		6E9A422A2A895467004D2C12 /* Extensions.swift in Sources */ = {isa = PBXBuildFile; fileRef = 6E9A42292A895467004D2C12 /* Extensions.swift */; };
		6E9A422C2A8A5152004D2C12 /* testView.swift in Sources */ = {isa = PBXBuildFile; fileRef = 6E9A422B2A8A5152004D2C12 /* testView.swift */; };
		6EFC3C912A8F6E9D0044BA2D /* CustomFooterView.swift in Sources */ = {isa = PBXBuildFile; fileRef = 6EFC3C902A8F6E9D0044BA2D /* CustomFooterView.swift */; };
		6EFC3C942A8F86500044BA2D /* DashBoardView.swift in Sources */ = {isa = PBXBuildFile; fileRef = 6EFC3C932A8F86500044BA2D /* DashBoardView.swift */; };
		6EFC3C9A2A9084BF0044BA2D /* ContentView.swift in Sources */ = {isa = PBXBuildFile; fileRef = 6EFC3C992A9084BF0044BA2D /* ContentView.swift */; };
		6EFC3C9D2A9228020044BA2D /* Shake.swift in Sources */ = {isa = PBXBuildFile; fileRef = 6EFC3C9C2A9228020044BA2D /* Shake.swift */; };
		6EFC3C9F2A92281A0044BA2D /* FlipView.swift in Sources */ = {isa = PBXBuildFile; fileRef = 6EFC3C9E2A92281A0044BA2D /* FlipView.swift */; };
		6EFC3CA22A9228490044BA2D /* Guess.swift in Sources */ = {isa = PBXBuildFile; fileRef = 6EFC3CA12A9228490044BA2D /* Guess.swift */; };
		6EFC3CA42A9228600044BA2D /* Global.swift in Sources */ = {isa = PBXBuildFile; fileRef = 6EFC3CA32A9228600044BA2D /* Global.swift */; };
		6EFC3CA62A92286B0044BA2D /* Statistic.swift in Sources */ = {isa = PBXBuildFile; fileRef = 6EFC3CA52A92286B0044BA2D /* Statistic.swift */; };
		6EFC3CAA2A9228F00044BA2D /* GameView.swift in Sources */ = {isa = PBXBuildFile; fileRef = 6EFC3CA92A9228F00044BA2D /* GameView.swift */; };
		6EFC3CAC2A9228F90044BA2D /* GuessView.swift in Sources */ = {isa = PBXBuildFile; fileRef = 6EFC3CAB2A9228F90044BA2D /* GuessView.swift */; };
		6EFC3CAE2A92290D0044BA2D /* KeyboardView.swift in Sources */ = {isa = PBXBuildFile; fileRef = 6EFC3CAD2A92290D0044BA2D /* KeyboardView.swift */; };
		6EFC3CB02A92291A0044BA2D /* LetterButtonView.swift in Sources */ = {isa = PBXBuildFile; fileRef = 6EFC3CAF2A92291A0044BA2D /* LetterButtonView.swift */; };
		6EFC3CB22A9229240044BA2D /* ToastView.swift in Sources */ = {isa = PBXBuildFile; fileRef = 6EFC3CB12A9229240044BA2D /* ToastView.swift */; };
		6EFC3CB42A9229380044BA2D /* StatsView.swift in Sources */ = {isa = PBXBuildFile; fileRef = 6EFC3CB32A9229380044BA2D /* StatsView.swift */; };
		6EFC3CB62A9229560044BA2D /* SettingsView.swift in Sources */ = {isa = PBXBuildFile; fileRef = 6EFC3CB52A9229560044BA2D /* SettingsView.swift */; };
		6EFC3CB82A9229640044BA2D /* HelpView.swift in Sources */ = {isa = PBXBuildFile; fileRef = 6EFC3CB72A9229640044BA2D /* HelpView.swift */; };
		6EFC3CBA2A9229860044BA2D /* WordleDataModel.swift in Sources */ = {isa = PBXBuildFile; fileRef = 6EFC3CB92A9229860044BA2D /* WordleDataModel.swift */; };
		6EFC3CBC2A9229CC0044BA2D /* ColorSchemeManager.swift in Sources */ = {isa = PBXBuildFile; fileRef = 6EFC3CBB2A9229CC0044BA2D /* ColorSchemeManager.swift */; };
		6EFC3CBE2A922AB80044BA2D /* Color+Extension.swift in Sources */ = {isa = PBXBuildFile; fileRef = 6EFC3CBD2A922AB80044BA2D /* Color+Extension.swift */; };
		6EFC3CC02A922AD40044BA2D /* UIWindow+Extension.swift in Sources */ = {isa = PBXBuildFile; fileRef = 6EFC3CBF2A922AD40044BA2D /* UIWindow+Extension.swift */; };
/* End PBXBuildFile section */

/* Begin PBXContainerItemProxy section */
		6E9A41FF2A84B7F8004D2C12 /* PBXContainerItemProxy */ = {
			isa = PBXContainerItemProxy;
			containerPortal = 6E9A41E62A84B7F6004D2C12 /* Project object */;
			proxyType = 1;
			remoteGlobalIDString = 6E9A41ED2A84B7F6004D2C12;
			remoteInfo = As2Game;
		};
		6E9A42092A84B7F8004D2C12 /* PBXContainerItemProxy */ = {
			isa = PBXContainerItemProxy;
			containerPortal = 6E9A41E62A84B7F6004D2C12 /* Project object */;
			proxyType = 1;
			remoteGlobalIDString = 6E9A41ED2A84B7F6004D2C12;
			remoteInfo = As2Game;
		};
/* End PBXContainerItemProxy section */

/* Begin PBXFileReference section */
		6E9A41EE2A84B7F6004D2C12 /* As2Game.app */ = {isa = PBXFileReference; explicitFileType = wrapper.application; includeInIndex = 0; path = As2Game.app; sourceTree = BUILT_PRODUCTS_DIR; };
		6E9A41F12A84B7F6004D2C12 /* As2GameApp.swift */ = {isa = PBXFileReference; lastKnownFileType = sourcecode.swift; path = As2GameApp.swift; sourceTree = "<group>"; };
		6E9A41F52A84B7F7004D2C12 /* Assets.xcassets */ = {isa = PBXFileReference; lastKnownFileType = folder.assetcatalog; path = Assets.xcassets; sourceTree = "<group>"; };
		6E9A41F82A84B7F7004D2C12 /* Preview Assets.xcassets */ = {isa = PBXFileReference; lastKnownFileType = folder.assetcatalog; path = "Preview Assets.xcassets"; sourceTree = "<group>"; };
		6E9A41FE2A84B7F8004D2C12 /* As2GameTests.xctest */ = {isa = PBXFileReference; explicitFileType = wrapper.cfbundle; includeInIndex = 0; path = As2GameTests.xctest; sourceTree = BUILT_PRODUCTS_DIR; };
		6E9A42022A84B7F8004D2C12 /* As2GameTests.swift */ = {isa = PBXFileReference; lastKnownFileType = sourcecode.swift; path = As2GameTests.swift; sourceTree = "<group>"; };
		6E9A42082A84B7F8004D2C12 /* As2GameUITests.xctest */ = {isa = PBXFileReference; explicitFileType = wrapper.cfbundle; includeInIndex = 0; path = As2GameUITests.xctest; sourceTree = BUILT_PRODUCTS_DIR; };
		6E9A420C2A84B7F8004D2C12 /* As2GameUITests.swift */ = {isa = PBXFileReference; lastKnownFileType = sourcecode.swift; path = As2GameUITests.swift; sourceTree = "<group>"; };
		6E9A420E2A84B7F8004D2C12 /* As2GameUITestsLaunchTests.swift */ = {isa = PBXFileReference; lastKnownFileType = sourcecode.swift; path = As2GameUITestsLaunchTests.swift; sourceTree = "<group>"; };
		6E9A421D2A862E90004D2C12 /* Model.xcdatamodel */ = {isa = PBXFileReference; lastKnownFileType = wrapper.xcdatamodel; path = Model.xcdatamodel; sourceTree = "<group>"; };
		6E9A421F2A863050004D2C12 /* DataController.swift */ = {isa = PBXFileReference; lastKnownFileType = sourcecode.swift; path = DataController.swift; sourceTree = "<group>"; };
		6E9A42222A866C49004D2C12 /* AddUserView.swift */ = {isa = PBXFileReference; lastKnownFileType = sourcecode.swift; path = AddUserView.swift; sourceTree = "<group>"; };
		6E9A42252A88F8D1004D2C12 /* LogInView.swift */ = {isa = PBXFileReference; lastKnownFileType = sourcecode.swift; path = LogInView.swift; sourceTree = "<group>"; };
		6E9A42292A895467004D2C12 /* Extensions.swift */ = {isa = PBXFileReference; lastKnownFileType = sourcecode.swift; path = Extensions.swift; sourceTree = "<group>"; };
		6E9A422B2A8A5152004D2C12 /* testView.swift */ = {isa = PBXFileReference; lastKnownFileType = sourcecode.swift; path = testView.swift; sourceTree = "<group>"; };
		6EFC3C902A8F6E9D0044BA2D /* CustomFooterView.swift */ = {isa = PBXFileReference; lastKnownFileType = sourcecode.swift; path = CustomFooterView.swift; sourceTree = "<group>"; };
		6EFC3C932A8F86500044BA2D /* DashBoardView.swift */ = {isa = PBXFileReference; lastKnownFileType = sourcecode.swift; path = DashBoardView.swift; sourceTree = "<group>"; };
		6EFC3C992A9084BF0044BA2D /* ContentView.swift */ = {isa = PBXFileReference; fileEncoding = 4; lastKnownFileType = sourcecode.swift; name = ContentView.swift; path = ../../../../.Trash/ContentView.swift; sourceTree = "<group>"; };
		6EFC3C9C2A9228020044BA2D /* Shake.swift */ = {isa = PBXFileReference; lastKnownFileType = sourcecode.swift; path = Shake.swift; sourceTree = "<group>"; };
		6EFC3C9E2A92281A0044BA2D /* FlipView.swift */ = {isa = PBXFileReference; lastKnownFileType = sourcecode.swift; path = FlipView.swift; sourceTree = "<group>"; };
		6EFC3CA12A9228490044BA2D /* Guess.swift */ = {isa = PBXFileReference; lastKnownFileType = sourcecode.swift; path = Guess.swift; sourceTree = "<group>"; };
		6EFC3CA32A9228600044BA2D /* Global.swift */ = {isa = PBXFileReference; lastKnownFileType = sourcecode.swift; path = Global.swift; sourceTree = "<group>"; };
		6EFC3CA52A92286B0044BA2D /* Statistic.swift */ = {isa = PBXFileReference; lastKnownFileType = sourcecode.swift; path = Statistic.swift; sourceTree = "<group>"; };
		6EFC3CA92A9228F00044BA2D /* GameView.swift */ = {isa = PBXFileReference; lastKnownFileType = sourcecode.swift; path = GameView.swift; sourceTree = "<group>"; };
		6EFC3CAB2A9228F90044BA2D /* GuessView.swift */ = {isa = PBXFileReference; lastKnownFileType = sourcecode.swift; path = GuessView.swift; sourceTree = "<group>"; };
		6EFC3CAD2A92290D0044BA2D /* KeyboardView.swift */ = {isa = PBXFileReference; lastKnownFileType = sourcecode.swift; path = KeyboardView.swift; sourceTree = "<group>"; };
		6EFC3CAF2A92291A0044BA2D /* LetterButtonView.swift */ = {isa = PBXFileReference; lastKnownFileType = sourcecode.swift; path = LetterButtonView.swift; sourceTree = "<group>"; };
		6EFC3CB12A9229240044BA2D /* ToastView.swift */ = {isa = PBXFileReference; lastKnownFileType = sourcecode.swift; path = ToastView.swift; sourceTree = "<group>"; };
		6EFC3CB32A9229380044BA2D /* StatsView.swift */ = {isa = PBXFileReference; lastKnownFileType = sourcecode.swift; path = StatsView.swift; sourceTree = "<group>"; };
		6EFC3CB52A9229560044BA2D /* SettingsView.swift */ = {isa = PBXFileReference; lastKnownFileType = sourcecode.swift; path = SettingsView.swift; sourceTree = "<group>"; };
		6EFC3CB72A9229640044BA2D /* HelpView.swift */ = {isa = PBXFileReference; lastKnownFileType = sourcecode.swift; path = HelpView.swift; sourceTree = "<group>"; };
		6EFC3CB92A9229860044BA2D /* WordleDataModel.swift */ = {isa = PBXFileReference; lastKnownFileType = sourcecode.swift; path = WordleDataModel.swift; sourceTree = "<group>"; };
		6EFC3CBB2A9229CC0044BA2D /* ColorSchemeManager.swift */ = {isa = PBXFileReference; lastKnownFileType = sourcecode.swift; path = ColorSchemeManager.swift; sourceTree = "<group>"; };
		6EFC3CBD2A922AB80044BA2D /* Color+Extension.swift */ = {isa = PBXFileReference; lastKnownFileType = sourcecode.swift; path = "Color+Extension.swift"; sourceTree = "<group>"; };
		6EFC3CBF2A922AD40044BA2D /* UIWindow+Extension.swift */ = {isa = PBXFileReference; lastKnownFileType = sourcecode.swift; path = "UIWindow+Extension.swift"; sourceTree = "<group>"; };
/* End PBXFileReference section */

/* Begin PBXFrameworksBuildPhase section */
		6E9A41EB2A84B7F6004D2C12 /* Frameworks */ = {
			isa = PBXFrameworksBuildPhase;
			buildActionMask = 2147483647;
			files = (
			);
			runOnlyForDeploymentPostprocessing = 0;
		};
		6E9A41FB2A84B7F8004D2C12 /* Frameworks */ = {
			isa = PBXFrameworksBuildPhase;
			buildActionMask = 2147483647;
			files = (
			);
			runOnlyForDeploymentPostprocessing = 0;
		};
		6E9A42052A84B7F8004D2C12 /* Frameworks */ = {
			isa = PBXFrameworksBuildPhase;
			buildActionMask = 2147483647;
			files = (
			);
			runOnlyForDeploymentPostprocessing = 0;
		};
/* End PBXFrameworksBuildPhase section */

/* Begin PBXGroup section */
		6E9A41E52A84B7F6004D2C12 = {
			isa = PBXGroup;
			children = (
				6E9A41F02A84B7F6004D2C12 /* As2Game */,
				6E9A42012A84B7F8004D2C12 /* As2GameTests */,
				6E9A420B2A84B7F8004D2C12 /* As2GameUITests */,
				6E9A41EF2A84B7F6004D2C12 /* Products */,
			);
			sourceTree = "<group>";
		};
		6E9A41EF2A84B7F6004D2C12 /* Products */ = {
			isa = PBXGroup;
			children = (
				6E9A41EE2A84B7F6004D2C12 /* As2Game.app */,
				6E9A41FE2A84B7F8004D2C12 /* As2GameTests.xctest */,
				6E9A42082A84B7F8004D2C12 /* As2GameUITests.xctest */,
			);
			name = Products;
			sourceTree = "<group>";
		};
		6E9A41F02A84B7F6004D2C12 /* As2Game */ = {
			isa = PBXGroup;
			children = (
				6EFC3CA72A9228C50044BA2D /* ViewModel */,
				6EFC3CA02A9228360044BA2D /* Models */,
				6EFC3C9B2A9227E30044BA2D /* Animations */,
				6E9A42212A866C0B004D2C12 /* Views */,
				6E9A42282A895447004D2C12 /* ExtensionManage */,
				6E9A421B2A862E68004D2C12 /* DataModel */,
				6E9A41F12A84B7F6004D2C12 /* As2GameApp.swift */,
				6E9A41F52A84B7F7004D2C12 /* Assets.xcassets */,
				6E9A41F72A84B7F7004D2C12 /* Preview Content */,
			);
			path = As2Game;
			sourceTree = "<group>";
		};
		6E9A41F72A84B7F7004D2C12 /* Preview Content */ = {
			isa = PBXGroup;
			children = (
				6E9A41F82A84B7F7004D2C12 /* Preview Assets.xcassets */,
			);
			path = "Preview Content";
			sourceTree = "<group>";
		};
		6E9A42012A84B7F8004D2C12 /* As2GameTests */ = {
			isa = PBXGroup;
			children = (
				6E9A42022A84B7F8004D2C12 /* As2GameTests.swift */,
			);
			path = As2GameTests;
			sourceTree = "<group>";
		};
		6E9A420B2A84B7F8004D2C12 /* As2GameUITests */ = {
			isa = PBXGroup;
			children = (
				6E9A420C2A84B7F8004D2C12 /* As2GameUITests.swift */,
				6E9A420E2A84B7F8004D2C12 /* As2GameUITestsLaunchTests.swift */,
			);
			path = As2GameUITests;
			sourceTree = "<group>";
		};
		6E9A421B2A862E68004D2C12 /* DataModel */ = {
			isa = PBXGroup;
			children = (
				6E9A421C2A862E8F004D2C12 /* UserModel.xcdatamodeld */,
				6E9A421F2A863050004D2C12 /* DataController.swift */,
				6E9A422B2A8A5152004D2C12 /* testView.swift */,
			);
			path = DataModel;
			sourceTree = "<group>";
		};
		6E9A42212A866C0B004D2C12 /* Views */ = {
			isa = PBXGroup;
			children = (
				6EFC3CA82A9228D10044BA2D /* GameScreens */,
				6EFC3C922A8F86310044BA2D /* DashBoard */,
				6EFC3C8F2A8F6E7D0044BA2D /* CustomFooter */,
				6E9A42242A88F8BA004D2C12 /* LogInView */,
				6E9A42222A866C49004D2C12 /* AddUserView.swift */,
				6EFC3C992A9084BF0044BA2D /* ContentView.swift */,
			);
			path = Views;
			sourceTree = "<group>";
		};
		6E9A42242A88F8BA004D2C12 /* LogInView */ = {
			isa = PBXGroup;
			children = (
				6E9A42252A88F8D1004D2C12 /* LogInView.swift */,
			);
			path = LogInView;
			sourceTree = "<group>";
		};
		6E9A42282A895447004D2C12 /* ExtensionManage */ = {
			isa = PBXGroup;
			children = (
				6E9A42292A895467004D2C12 /* Extensions.swift */,
				6EFC3CBD2A922AB80044BA2D /* Color+Extension.swift */,
				6EFC3CBF2A922AD40044BA2D /* UIWindow+Extension.swift */,
			);
			path = ExtensionManage;
			sourceTree = "<group>";
		};
		6EFC3C8F2A8F6E7D0044BA2D /* CustomFooter */ = {
			isa = PBXGroup;
			children = (
				6EFC3C902A8F6E9D0044BA2D /* CustomFooterView.swift */,
			);
			path = CustomFooter;
			sourceTree = "<group>";
		};
		6EFC3C922A8F86310044BA2D /* DashBoard */ = {
			isa = PBXGroup;
			children = (
				6EFC3C932A8F86500044BA2D /* DashBoardView.swift */,
			);
			path = DashBoard;
			sourceTree = "<group>";
		};
		6EFC3C9B2A9227E30044BA2D /* Animations */ = {
			isa = PBXGroup;
			children = (
				6EFC3C9C2A9228020044BA2D /* Shake.swift */,
				6EFC3C9E2A92281A0044BA2D /* FlipView.swift */,
			);
			path = Animations;
			sourceTree = "<group>";
		};
		6EFC3CA02A9228360044BA2D /* Models */ = {
			isa = PBXGroup;
			children = (
				6EFC3CA12A9228490044BA2D /* Guess.swift */,
				6EFC3CA32A9228600044BA2D /* Global.swift */,
				6EFC3CA52A92286B0044BA2D /* Statistic.swift */,
			);
			path = Models;
			sourceTree = "<group>";
		};
		6EFC3CA72A9228C50044BA2D /* ViewModel */ = {
			isa = PBXGroup;
			children = (
				6EFC3CB92A9229860044BA2D /* WordleDataModel.swift */,
				6EFC3CBB2A9229CC0044BA2D /* ColorSchemeManager.swift */,
			);
			path = ViewModel;
			sourceTree = "<group>";
		};
		6EFC3CA82A9228D10044BA2D /* GameScreens */ = {
			isa = PBXGroup;
			children = (
				6EFC3CA92A9228F00044BA2D /* GameView.swift */,
				6EFC3CAB2A9228F90044BA2D /* GuessView.swift */,
				6EFC3CAD2A92290D0044BA2D /* KeyboardView.swift */,
				6EFC3CAF2A92291A0044BA2D /* LetterButtonView.swift */,
				6EFC3CB12A9229240044BA2D /* ToastView.swift */,
				6EFC3CB32A9229380044BA2D /* StatsView.swift */,
				6EFC3CB52A9229560044BA2D /* SettingsView.swift */,
				6EFC3CB72A9229640044BA2D /* HelpView.swift */,
			);
			path = GameScreens;
			sourceTree = "<group>";
		};
/* End PBXGroup section */

/* Begin PBXNativeTarget section */
		6E9A41ED2A84B7F6004D2C12 /* As2Game */ = {
			isa = PBXNativeTarget;
			buildConfigurationList = 6E9A42122A84B7F8004D2C12 /* Build configuration list for PBXNativeTarget "As2Game" */;
			buildPhases = (
				6E9A41EA2A84B7F6004D2C12 /* Sources */,
				6E9A41EB2A84B7F6004D2C12 /* Frameworks */,
				6E9A41EC2A84B7F6004D2C12 /* Resources */,
			);
			buildRules = (
			);
			dependencies = (
			);
			name = As2Game;
			productName = As2Game;
			productReference = 6E9A41EE2A84B7F6004D2C12 /* As2Game.app */;
			productType = "com.apple.product-type.application";
		};
		6E9A41FD2A84B7F8004D2C12 /* As2GameTests */ = {
			isa = PBXNativeTarget;
			buildConfigurationList = 6E9A42152A84B7F8004D2C12 /* Build configuration list for PBXNativeTarget "As2GameTests" */;
			buildPhases = (
				6E9A41FA2A84B7F8004D2C12 /* Sources */,
				6E9A41FB2A84B7F8004D2C12 /* Frameworks */,
				6E9A41FC2A84B7F8004D2C12 /* Resources */,
			);
			buildRules = (
			);
			dependencies = (
				6E9A42002A84B7F8004D2C12 /* PBXTargetDependency */,
			);
			name = As2GameTests;
			productName = As2GameTests;
			productReference = 6E9A41FE2A84B7F8004D2C12 /* As2GameTests.xctest */;
			productType = "com.apple.product-type.bundle.unit-test";
		};
		6E9A42072A84B7F8004D2C12 /* As2GameUITests */ = {
			isa = PBXNativeTarget;
			buildConfigurationList = 6E9A42182A84B7F8004D2C12 /* Build configuration list for PBXNativeTarget "As2GameUITests" */;
			buildPhases = (
				6E9A42042A84B7F8004D2C12 /* Sources */,
				6E9A42052A84B7F8004D2C12 /* Frameworks */,
				6E9A42062A84B7F8004D2C12 /* Resources */,
			);
			buildRules = (
			);
			dependencies = (
				6E9A420A2A84B7F8004D2C12 /* PBXTargetDependency */,
			);
			name = As2GameUITests;
			productName = As2GameUITests;
			productReference = 6E9A42082A84B7F8004D2C12 /* As2GameUITests.xctest */;
			productType = "com.apple.product-type.bundle.ui-testing";
		};
/* End PBXNativeTarget section */

/* Begin PBXProject section */
		6E9A41E62A84B7F6004D2C12 /* Project object */ = {
			isa = PBXProject;
			attributes = {
				BuildIndependentTargetsInParallel = 1;
				LastSwiftUpdateCheck = 1430;
				LastUpgradeCheck = 1430;
				TargetAttributes = {
					6E9A41ED2A84B7F6004D2C12 = {
						CreatedOnToolsVersion = 14.3.1;
					};
					6E9A41FD2A84B7F8004D2C12 = {
						CreatedOnToolsVersion = 14.3.1;
						TestTargetID = 6E9A41ED2A84B7F6004D2C12;
					};
					6E9A42072A84B7F8004D2C12 = {
						CreatedOnToolsVersion = 14.3.1;
						TestTargetID = 6E9A41ED2A84B7F6004D2C12;
					};
				};
			};
			buildConfigurationList = 6E9A41E92A84B7F6004D2C12 /* Build configuration list for PBXProject "As2Game" */;
			compatibilityVersion = "Xcode 14.0";
			developmentRegion = en;
			hasScannedForEncodings = 0;
			knownRegions = (
				en,
				Base,
			);
			mainGroup = 6E9A41E52A84B7F6004D2C12;
			productRefGroup = 6E9A41EF2A84B7F6004D2C12 /* Products */;
			projectDirPath = "";
			projectRoot = "";
			targets = (
				6E9A41ED2A84B7F6004D2C12 /* As2Game */,
				6E9A41FD2A84B7F8004D2C12 /* As2GameTests */,
				6E9A42072A84B7F8004D2C12 /* As2GameUITests */,
			);
		};
/* End PBXProject section */

/* Begin PBXResourcesBuildPhase section */
		6E9A41EC2A84B7F6004D2C12 /* Resources */ = {
			isa = PBXResourcesBuildPhase;
			buildActionMask = 2147483647;
			files = (
				6E9A41F92A84B7F7004D2C12 /* Preview Assets.xcassets in Resources */,
				6E9A41F62A84B7F7004D2C12 /* Assets.xcassets in Resources */,
			);
			runOnlyForDeploymentPostprocessing = 0;
		};
		6E9A41FC2A84B7F8004D2C12 /* Resources */ = {
			isa = PBXResourcesBuildPhase;
			buildActionMask = 2147483647;
			files = (
			);
			runOnlyForDeploymentPostprocessing = 0;
		};
		6E9A42062A84B7F8004D2C12 /* Resources */ = {
			isa = PBXResourcesBuildPhase;
			buildActionMask = 2147483647;
			files = (
			);
			runOnlyForDeploymentPostprocessing = 0;
		};
/* End PBXResourcesBuildPhase section */

/* Begin PBXSourcesBuildPhase section */
		6E9A41EA2A84B7F6004D2C12 /* Sources */ = {
			isa = PBXSourcesBuildPhase;
			buildActionMask = 2147483647;
			files = (
				6EFC3C912A8F6E9D0044BA2D /* CustomFooterView.swift in Sources */,
				6EFC3CB02A92291A0044BA2D /* LetterButtonView.swift in Sources */,
				6E9A42262A88F8D1004D2C12 /* LogInView.swift in Sources */,
				6E9A42202A863050004D2C12 /* DataController.swift in Sources */,
				6EFC3CB22A9229240044BA2D /* ToastView.swift in Sources */,
				6EFC3CB42A9229380044BA2D /* StatsView.swift in Sources */,
				6EFC3CAE2A92290D0044BA2D /* KeyboardView.swift in Sources */,
				6EFC3CAC2A9228F90044BA2D /* GuessView.swift in Sources */,
				6EFC3CA62A92286B0044BA2D /* Statistic.swift in Sources */,
				6EFC3C9D2A9228020044BA2D /* Shake.swift in Sources */,
				6E9A42232A866C49004D2C12 /* AddUserView.swift in Sources */,
				6EFC3CC02A922AD40044BA2D /* UIWindow+Extension.swift in Sources */,
				6E9A422C2A8A5152004D2C12 /* testView.swift in Sources */,
				6EFC3CBC2A9229CC0044BA2D /* ColorSchemeManager.swift in Sources */,
				6EFC3CA42A9228600044BA2D /* Global.swift in Sources */,
				6E9A41F22A84B7F6004D2C12 /* As2GameApp.swift in Sources */,
				6EFC3C9F2A92281A0044BA2D /* FlipView.swift in Sources */,
				6EFC3C9A2A9084BF0044BA2D /* ContentView.swift in Sources */,
				6EFC3CBA2A9229860044BA2D /* WordleDataModel.swift in Sources */,
				6EFC3CA22A9228490044BA2D /* Guess.swift in Sources */,
				6E9A421E2A862E90004D2C12 /* UserModel.xcdatamodeld in Sources */,
				6E9A422A2A895467004D2C12 /* Extensions.swift in Sources */,
				6EFC3CAA2A9228F00044BA2D /* GameView.swift in Sources */,
				6EFC3C942A8F86500044BA2D /* DashBoardView.swift in Sources */,
				6EFC3CB62A9229560044BA2D /* SettingsView.swift in Sources */,
				6EFC3CB82A9229640044BA2D /* HelpView.swift in Sources */,
				6EFC3CBE2A922AB80044BA2D /* Color+Extension.swift in Sources */,
			);
			runOnlyForDeploymentPostprocessing = 0;
		};
		6E9A41FA2A84B7F8004D2C12 /* Sources */ = {
			isa = PBXSourcesBuildPhase;
			buildActionMask = 2147483647;
			files = (
				6E9A42032A84B7F8004D2C12 /* As2GameTests.swift in Sources */,
			);
			runOnlyForDeploymentPostprocessing = 0;
		};
		6E9A42042A84B7F8004D2C12 /* Sources */ = {
			isa = PBXSourcesBuildPhase;
			buildActionMask = 2147483647;
			files = (
				6E9A420D2A84B7F8004D2C12 /* As2GameUITests.swift in Sources */,
				6E9A420F2A84B7F8004D2C12 /* As2GameUITestsLaunchTests.swift in Sources */,
			);
			runOnlyForDeploymentPostprocessing = 0;
		};
/* End PBXSourcesBuildPhase section */

/* Begin PBXTargetDependency section */
		6E9A42002A84B7F8004D2C12 /* PBXTargetDependency */ = {
			isa = PBXTargetDependency;
			target = 6E9A41ED2A84B7F6004D2C12 /* As2Game */;
			targetProxy = 6E9A41FF2A84B7F8004D2C12 /* PBXContainerItemProxy */;
		};
		6E9A420A2A84B7F8004D2C12 /* PBXTargetDependency */ = {
			isa = PBXTargetDependency;
			target = 6E9A41ED2A84B7F6004D2C12 /* As2Game */;
			targetProxy = 6E9A42092A84B7F8004D2C12 /* PBXContainerItemProxy */;
		};
/* End PBXTargetDependency section */

/* Begin XCBuildConfiguration section */
		6E9A42102A84B7F8004D2C12 /* Debug */ = {
			isa = XCBuildConfiguration;
			buildSettings = {
				ALWAYS_SEARCH_USER_PATHS = NO;
				CLANG_ANALYZER_NONNULL = YES;
				CLANG_ANALYZER_NUMBER_OBJECT_CONVERSION = YES_AGGRESSIVE;
				CLANG_CXX_LANGUAGE_STANDARD = "gnu++20";
				CLANG_ENABLE_MODULES = YES;
				CLANG_ENABLE_OBJC_ARC = YES;
				CLANG_ENABLE_OBJC_WEAK = YES;
				CLANG_WARN_BLOCK_CAPTURE_AUTORELEASING = YES;
				CLANG_WARN_BOOL_CONVERSION = YES;
				CLANG_WARN_COMMA = YES;
				CLANG_WARN_CONSTANT_CONVERSION = YES;
				CLANG_WARN_DEPRECATED_OBJC_IMPLEMENTATIONS = YES;
				CLANG_WARN_DIRECT_OBJC_ISA_USAGE = YES_ERROR;
				CLANG_WARN_DOCUMENTATION_COMMENTS = YES;
				CLANG_WARN_EMPTY_BODY = YES;
				CLANG_WARN_ENUM_CONVERSION = YES;
				CLANG_WARN_INFINITE_RECURSION = YES;
				CLANG_WARN_INT_CONVERSION = YES;
				CLANG_WARN_NON_LITERAL_NULL_CONVERSION = YES;
				CLANG_WARN_OBJC_IMPLICIT_RETAIN_SELF = YES;
				CLANG_WARN_OBJC_LITERAL_CONVERSION = YES;
				CLANG_WARN_OBJC_ROOT_CLASS = YES_ERROR;
				CLANG_WARN_QUOTED_INCLUDE_IN_FRAMEWORK_HEADER = YES;
				CLANG_WARN_RANGE_LOOP_ANALYSIS = YES;
				CLANG_WARN_STRICT_PROTOTYPES = YES;
				CLANG_WARN_SUSPICIOUS_MOVE = YES;
				CLANG_WARN_UNGUARDED_AVAILABILITY = YES_AGGRESSIVE;
				CLANG_WARN_UNREACHABLE_CODE = YES;
				CLANG_WARN__DUPLICATE_METHOD_MATCH = YES;
				COPY_PHASE_STRIP = NO;
				DEBUG_INFORMATION_FORMAT = dwarf;
				ENABLE_STRICT_OBJC_MSGSEND = YES;
				ENABLE_TESTABILITY = YES;
				GCC_C_LANGUAGE_STANDARD = gnu11;
				GCC_DYNAMIC_NO_PIC = NO;
				GCC_NO_COMMON_BLOCKS = YES;
				GCC_OPTIMIZATION_LEVEL = 0;
				GCC_PREPROCESSOR_DEFINITIONS = (
					"DEBUG=1",
					"$(inherited)",
				);
				GCC_WARN_64_TO_32_BIT_CONVERSION = YES;
				GCC_WARN_ABOUT_RETURN_TYPE = YES_ERROR;
				GCC_WARN_UNDECLARED_SELECTOR = YES;
				GCC_WARN_UNINITIALIZED_AUTOS = YES_AGGRESSIVE;
				GCC_WARN_UNUSED_FUNCTION = YES;
				GCC_WARN_UNUSED_VARIABLE = YES;
				IPHONEOS_DEPLOYMENT_TARGET = 16.4;
				MTL_ENABLE_DEBUG_INFO = INCLUDE_SOURCE;
				MTL_FAST_MATH = YES;
				ONLY_ACTIVE_ARCH = YES;
				SDKROOT = iphoneos;
				SWIFT_ACTIVE_COMPILATION_CONDITIONS = DEBUG;
				SWIFT_OPTIMIZATION_LEVEL = "-Onone";
			};
			name = Debug;
		};
		6E9A42112A84B7F8004D2C12 /* Release */ = {
			isa = XCBuildConfiguration;
			buildSettings = {
				ALWAYS_SEARCH_USER_PATHS = NO;
				CLANG_ANALYZER_NONNULL = YES;
				CLANG_ANALYZER_NUMBER_OBJECT_CONVERSION = YES_AGGRESSIVE;
				CLANG_CXX_LANGUAGE_STANDARD = "gnu++20";
				CLANG_ENABLE_MODULES = YES;
				CLANG_ENABLE_OBJC_ARC = YES;
				CLANG_ENABLE_OBJC_WEAK = YES;
				CLANG_WARN_BLOCK_CAPTURE_AUTORELEASING = YES;
				CLANG_WARN_BOOL_CONVERSION = YES;
				CLANG_WARN_COMMA = YES;
				CLANG_WARN_CONSTANT_CONVERSION = YES;
				CLANG_WARN_DEPRECATED_OBJC_IMPLEMENTATIONS = YES;
				CLANG_WARN_DIRECT_OBJC_ISA_USAGE = YES_ERROR;
				CLANG_WARN_DOCUMENTATION_COMMENTS = YES;
				CLANG_WARN_EMPTY_BODY = YES;
				CLANG_WARN_ENUM_CONVERSION = YES;
				CLANG_WARN_INFINITE_RECURSION = YES;
				CLANG_WARN_INT_CONVERSION = YES;
				CLANG_WARN_NON_LITERAL_NULL_CONVERSION = YES;
				CLANG_WARN_OBJC_IMPLICIT_RETAIN_SELF = YES;
				CLANG_WARN_OBJC_LITERAL_CONVERSION = YES;
				CLANG_WARN_OBJC_ROOT_CLASS = YES_ERROR;
				CLANG_WARN_QUOTED_INCLUDE_IN_FRAMEWORK_HEADER = YES;
				CLANG_WARN_RANGE_LOOP_ANALYSIS = YES;
				CLANG_WARN_STRICT_PROTOTYPES = YES;
				CLANG_WARN_SUSPICIOUS_MOVE = YES;
				CLANG_WARN_UNGUARDED_AVAILABILITY = YES_AGGRESSIVE;
				CLANG_WARN_UNREACHABLE_CODE = YES;
				CLANG_WARN__DUPLICATE_METHOD_MATCH = YES;
				COPY_PHASE_STRIP = NO;
				DEBUG_INFORMATION_FORMAT = "dwarf-with-dsym";
				ENABLE_NS_ASSERTIONS = NO;
				ENABLE_STRICT_OBJC_MSGSEND = YES;
				GCC_C_LANGUAGE_STANDARD = gnu11;
				GCC_NO_COMMON_BLOCKS = YES;
				GCC_WARN_64_TO_32_BIT_CONVERSION = YES;
				GCC_WARN_ABOUT_RETURN_TYPE = YES_ERROR;
				GCC_WARN_UNDECLARED_SELECTOR = YES;
				GCC_WARN_UNINITIALIZED_AUTOS = YES_AGGRESSIVE;
				GCC_WARN_UNUSED_FUNCTION = YES;
				GCC_WARN_UNUSED_VARIABLE = YES;
				IPHONEOS_DEPLOYMENT_TARGET = 16.4;
				MTL_ENABLE_DEBUG_INFO = NO;
				MTL_FAST_MATH = YES;
				SDKROOT = iphoneos;
				SWIFT_COMPILATION_MODE = wholemodule;
				SWIFT_OPTIMIZATION_LEVEL = "-O";
				VALIDATE_PRODUCT = YES;
			};
			name = Release;
		};
		6E9A42132A84B7F8004D2C12 /* Debug */ = {
			isa = XCBuildConfiguration;
			buildSettings = {
				ASSETCATALOG_COMPILER_APPICON_NAME = AppIcon;
				ASSETCATALOG_COMPILER_GLOBAL_ACCENT_COLOR_NAME = AccentColor;
				CODE_SIGN_STYLE = Automatic;
				CURRENT_PROJECT_VERSION = 1;
				DEVELOPMENT_ASSET_PATHS = "\"As2Game/Preview Content\"";
				ENABLE_PREVIEWS = YES;
				GENERATE_INFOPLIST_FILE = YES;
				INFOPLIST_KEY_UIApplicationSceneManifest_Generation = YES;
				INFOPLIST_KEY_UIApplicationSupportsIndirectInputEvents = YES;
				INFOPLIST_KEY_UILaunchScreen_Generation = YES;
				INFOPLIST_KEY_UISupportedInterfaceOrientations_iPad = "UIInterfaceOrientationPortrait UIInterfaceOrientationPortraitUpsideDown UIInterfaceOrientationLandscapeLeft UIInterfaceOrientationLandscapeRight";
				INFOPLIST_KEY_UISupportedInterfaceOrientations_iPhone = "UIInterfaceOrientationPortrait UIInterfaceOrientationLandscapeLeft UIInterfaceOrientationLandscapeRight";
				LD_RUNPATH_SEARCH_PATHS = (
					"$(inherited)",
					"@executable_path/Frameworks",
				);
				MARKETING_VERSION = 1.0;
				PRODUCT_BUNDLE_IDENTIFIER = rmit.As2Game;
				PRODUCT_NAME = "$(TARGET_NAME)";
				SWIFT_EMIT_LOC_STRINGS = YES;
				SWIFT_VERSION = 5.0;
				TARGETED_DEVICE_FAMILY = "1,2";
			};
			name = Debug;
		};
		6E9A42142A84B7F8004D2C12 /* Release */ = {
			isa = XCBuildConfiguration;
			buildSettings = {
				ASSETCATALOG_COMPILER_APPICON_NAME = AppIcon;
				ASSETCATALOG_COMPILER_GLOBAL_ACCENT_COLOR_NAME = AccentColor;
				CODE_SIGN_STYLE = Automatic;
				CURRENT_PROJECT_VERSION = 1;
				DEVELOPMENT_ASSET_PATHS = "\"As2Game/Preview Content\"";
				ENABLE_PREVIEWS = YES;
				GENERATE_INFOPLIST_FILE = YES;
				INFOPLIST_KEY_UIApplicationSceneManifest_Generation = YES;
				INFOPLIST_KEY_UIApplicationSupportsIndirectInputEvents = YES;
				INFOPLIST_KEY_UILaunchScreen_Generation = YES;
				INFOPLIST_KEY_UISupportedInterfaceOrientations_iPad = "UIInterfaceOrientationPortrait UIInterfaceOrientationPortraitUpsideDown UIInterfaceOrientationLandscapeLeft UIInterfaceOrientationLandscapeRight";
				INFOPLIST_KEY_UISupportedInterfaceOrientations_iPhone = "UIInterfaceOrientationPortrait UIInterfaceOrientationLandscapeLeft UIInterfaceOrientationLandscapeRight";
				LD_RUNPATH_SEARCH_PATHS = (
					"$(inherited)",
					"@executable_path/Frameworks",
				);
				MARKETING_VERSION = 1.0;
				PRODUCT_BUNDLE_IDENTIFIER = rmit.As2Game;
				PRODUCT_NAME = "$(TARGET_NAME)";
				SWIFT_EMIT_LOC_STRINGS = YES;
				SWIFT_VERSION = 5.0;
				TARGETED_DEVICE_FAMILY = "1,2";
			};
			name = Release;
		};
		6E9A42162A84B7F8004D2C12 /* Debug */ = {
			isa = XCBuildConfiguration;
			buildSettings = {
				ALWAYS_EMBED_SWIFT_STANDARD_LIBRARIES = YES;
				BUNDLE_LOADER = "$(TEST_HOST)";
				CODE_SIGN_STYLE = Automatic;
				CURRENT_PROJECT_VERSION = 1;
				GENERATE_INFOPLIST_FILE = YES;
				IPHONEOS_DEPLOYMENT_TARGET = 16.4;
				MARKETING_VERSION = 1.0;
				PRODUCT_BUNDLE_IDENTIFIER = rmit.As2GameTests;
				PRODUCT_NAME = "$(TARGET_NAME)";
				SWIFT_EMIT_LOC_STRINGS = NO;
				SWIFT_VERSION = 5.0;
				TARGETED_DEVICE_FAMILY = "1,2";
				TEST_HOST = "$(BUILT_PRODUCTS_DIR)/As2Game.app/$(BUNDLE_EXECUTABLE_FOLDER_PATH)/As2Game";
			};
			name = Debug;
		};
		6E9A42172A84B7F8004D2C12 /* Release */ = {
			isa = XCBuildConfiguration;
			buildSettings = {
				ALWAYS_EMBED_SWIFT_STANDARD_LIBRARIES = YES;
				BUNDLE_LOADER = "$(TEST_HOST)";
				CODE_SIGN_STYLE = Automatic;
				CURRENT_PROJECT_VERSION = 1;
				GENERATE_INFOPLIST_FILE = YES;
				IPHONEOS_DEPLOYMENT_TARGET = 16.4;
				MARKETING_VERSION = 1.0;
				PRODUCT_BUNDLE_IDENTIFIER = rmit.As2GameTests;
				PRODUCT_NAME = "$(TARGET_NAME)";
				SWIFT_EMIT_LOC_STRINGS = NO;
				SWIFT_VERSION = 5.0;
				TARGETED_DEVICE_FAMILY = "1,2";
				TEST_HOST = "$(BUILT_PRODUCTS_DIR)/As2Game.app/$(BUNDLE_EXECUTABLE_FOLDER_PATH)/As2Game";
			};
			name = Release;
		};
		6E9A42192A84B7F8004D2C12 /* Debug */ = {
			isa = XCBuildConfiguration;
			buildSettings = {
				ALWAYS_EMBED_SWIFT_STANDARD_LIBRARIES = YES;
				CODE_SIGN_STYLE = Automatic;
				CURRENT_PROJECT_VERSION = 1;
				GENERATE_INFOPLIST_FILE = YES;
				MARKETING_VERSION = 1.0;
				PRODUCT_BUNDLE_IDENTIFIER = rmit.As2GameUITests;
				PRODUCT_NAME = "$(TARGET_NAME)";
				SWIFT_EMIT_LOC_STRINGS = NO;
				SWIFT_VERSION = 5.0;
				TARGETED_DEVICE_FAMILY = "1,2";
				TEST_TARGET_NAME = As2Game;
			};
			name = Debug;
		};
		6E9A421A2A84B7F8004D2C12 /* Release */ = {
			isa = XCBuildConfiguration;
			buildSettings = {
				ALWAYS_EMBED_SWIFT_STANDARD_LIBRARIES = YES;
				CODE_SIGN_STYLE = Automatic;
				CURRENT_PROJECT_VERSION = 1;
				GENERATE_INFOPLIST_FILE = YES;
				MARKETING_VERSION = 1.0;
				PRODUCT_BUNDLE_IDENTIFIER = rmit.As2GameUITests;
				PRODUCT_NAME = "$(TARGET_NAME)";
				SWIFT_EMIT_LOC_STRINGS = NO;
				SWIFT_VERSION = 5.0;
				TARGETED_DEVICE_FAMILY = "1,2";
				TEST_TARGET_NAME = As2Game;
			};
			name = Release;
		};
/* End XCBuildConfiguration section */

/* Begin XCConfigurationList section */
		6E9A41E92A84B7F6004D2C12 /* Build configuration list for PBXProject "As2Game" */ = {
			isa = XCConfigurationList;
			buildConfigurations = (
				6E9A42102A84B7F8004D2C12 /* Debug */,
				6E9A42112A84B7F8004D2C12 /* Release */,
			);
			defaultConfigurationIsVisible = 0;
			defaultConfigurationName = Release;
		};
		6E9A42122A84B7F8004D2C12 /* Build configuration list for PBXNativeTarget "As2Game" */ = {
			isa = XCConfigurationList;
			buildConfigurations = (
				6E9A42132A84B7F8004D2C12 /* Debug */,
				6E9A42142A84B7F8004D2C12 /* Release */,
			);
			defaultConfigurationIsVisible = 0;
			defaultConfigurationName = Release;
		};
		6E9A42152A84B7F8004D2C12 /* Build configuration list for PBXNativeTarget "As2GameTests" */ = {
			isa = XCConfigurationList;
			buildConfigurations = (
				6E9A42162A84B7F8004D2C12 /* Debug */,
				6E9A42172A84B7F8004D2C12 /* Release */,
			);
			defaultConfigurationIsVisible = 0;
			defaultConfigurationName = Release;
		};
		6E9A42182A84B7F8004D2C12 /* Build configuration list for PBXNativeTarget "As2GameUITests" */ = {
			isa = XCConfigurationList;
			buildConfigurations = (
				6E9A42192A84B7F8004D2C12 /* Debug */,
				6E9A421A2A84B7F8004D2C12 /* Release */,
			);
			defaultConfigurationIsVisible = 0;
			defaultConfigurationName = Release;
		};
/* End XCConfigurationList section */

/* Begin XCVersionGroup section */
		6E9A421C2A862E8F004D2C12 /* UserModel.xcdatamodeld */ = {
			isa = XCVersionGroup;
			children = (
				6E9A421D2A862E90004D2C12 /* Model.xcdatamodel */,
			);
			currentVersion = 6E9A421D2A862E90004D2C12 /* Model.xcdatamodel */;
			path = UserModel.xcdatamodeld;
			sourceTree = "<group>";
			versionGroupType = wrapper.xcdatamodel;
		};
/* End XCVersionGroup section */
	};
	rootObject = 6E9A41E62A84B7F6004D2C12 /* Project object */;
}
