// !$*UTF8*$!
{
	archiveVersion = 1;
	classes = {
	};
	objectVersion = 56;
	objects = {

/* Begin PBXBuildFile section */
		6E89AD592A8D0C6A00D219BC /* AIEngine.swift in Sources */ = {isa = PBXBuildFile; fileRef = 6E89AD582A8D0C6A00D219BC /* AIEngine.swift */; };
		6E89AD5B2A8D0C7D00D219BC /* AIPlayer.swift in Sources */ = {isa = PBXBuildFile; fileRef = 6E89AD5A2A8D0C7D00D219BC /* AIPlayer.swift */; };
		6E89AD5D2A8D0C8900D219BC /* AIMove.swift in Sources */ = {isa = PBXBuildFile; fileRef = 6E89AD5C2A8D0C8900D219BC /* AIMove.swift */; };
		6E89AD5F2A8D0C9200D219BC /* AIChess.swift in Sources */ = {isa = PBXBuildFile; fileRef = 6E89AD5E2A8D0C9200D219BC /* AIChess.swift */; };
		6E89AD612A8D0CDE00D219BC /* Array+.swift in Sources */ = {isa = PBXBuildFile; fileRef = 6E89AD602A8D0CDE00D219BC /* Array+.swift */; };
		6E89AD632A8D0CEB00D219BC /* CGSize+.swift in Sources */ = {isa = PBXBuildFile; fileRef = 6E89AD622A8D0CEB00D219BC /* CGSize+.swift */; };
		6E89AD652A8D0D0300D219BC /* TimeInterval.swift in Sources */ = {isa = PBXBuildFile; fileRef = 6E89AD642A8D0D0300D219BC /* TimeInterval.swift */; };
		6E89AD672A8D0D1300D219BC /* Position+UIKit.swift in Sources */ = {isa = PBXBuildFile; fileRef = 6E89AD662A8D0D1300D219BC /* Position+UIKit.swift */; };
		6E89AD692A8D0D4B00D219BC /* AppDelegate.swift in Sources */ = {isa = PBXBuildFile; fileRef = 6E89AD682A8D0D4B00D219BC /* AppDelegate.swift */; };
		6E89AD6B2A8D0D6300D219BC /* SceneDelegate.swift in Sources */ = {isa = PBXBuildFile; fileRef = 6E89AD6A2A8D0D6300D219BC /* SceneDelegate.swift */; };
		6E89AD6F2A8D0D9F00D219BC /* Move.swift in Sources */ = {isa = PBXBuildFile; fileRef = 6E89AD6E2A8D0D9F00D219BC /* Move.swift */; };
		6E89AD712A8D0DA700D219BC /* Position.swift in Sources */ = {isa = PBXBuildFile; fileRef = 6E89AD702A8D0DA700D219BC /* Position.swift */; };
		6E89AD732A8D0DB500D219BC /* GameMode.swift in Sources */ = {isa = PBXBuildFile; fileRef = 6E89AD722A8D0DB500D219BC /* GameMode.swift */; };
		6E89AD752A8D0DD500D219BC /* Piece.swift in Sources */ = {isa = PBXBuildFile; fileRef = 6E89AD742A8D0DD500D219BC /* Piece.swift */; };
		6E89AD772A8D0DDD00D219BC /* PieceType.swift in Sources */ = {isa = PBXBuildFile; fileRef = 6E89AD762A8D0DDD00D219BC /* PieceType.swift */; };
		6E89AD7B2A8D0E5100D219BC /* GameSelectorView.swift in Sources */ = {isa = PBXBuildFile; fileRef = 6E89AD7A2A8D0E5100D219BC /* GameSelectorView.swift */; };
		6E89AD7D2A8D0E7500D219BC /* GameSelectorViewModel.swift in Sources */ = {isa = PBXBuildFile; fileRef = 6E89AD7C2A8D0E7500D219BC /* GameSelectorViewModel.swift */; };
		6E89AD7F2A8D0E8600D219BC /* GameModelView.swift in Sources */ = {isa = PBXBuildFile; fileRef = 6E89AD7E2A8D0E8600D219BC /* GameModelView.swift */; };
		6E89AD822A8D0EB200D219BC /* GameView.swift in Sources */ = {isa = PBXBuildFile; fileRef = 6E89AD812A8D0EB200D219BC /* GameView.swift */; };
		6E89AD842A8D0EC600D219BC /* GameViewModel.swift in Sources */ = {isa = PBXBuildFile; fileRef = 6E89AD832A8D0EC600D219BC /* GameViewModel.swift */; };
		6E89AD862A8D0EE500D219BC /* HudView.swift in Sources */ = {isa = PBXBuildFile; fileRef = 6E89AD852A8D0EE500D219BC /* HudView.swift */; };
		6E89AD882A8D0F0200D219BC /* ChessBoardView.swift in Sources */ = {isa = PBXBuildFile; fileRef = 6E89AD872A8D0F0200D219BC /* ChessBoardView.swift */; };
		6E89AD8A2A8D0F1500D219BC /* BackGroundView.swift in Sources */ = {isa = PBXBuildFile; fileRef = 6E89AD892A8D0F1500D219BC /* BackGroundView.swift */; };
		6E89AD8D2A8D0F3A00D219BC /* ChessGame.swift in Sources */ = {isa = PBXBuildFile; fileRef = 6E89AD8C2A8D0F3A00D219BC /* ChessGame.swift */; };
		6E89AD8F2A8D0F5100D219BC /* ChessGame+Copy.swift in Sources */ = {isa = PBXBuildFile; fileRef = 6E89AD8E2A8D0F5100D219BC /* ChessGame+Copy.swift */; };
		6E89AD912A8D0F6800D219BC /* ChessGame+Board.swift in Sources */ = {isa = PBXBuildFile; fileRef = 6E89AD902A8D0F6800D219BC /* ChessGame+Board.swift */; };
		6E89AD932A8D0F8000D219BC /* PieceMovement.swift in Sources */ = {isa = PBXBuildFile; fileRef = 6E89AD922A8D0F8000D219BC /* PieceMovement.swift */; };
		6E89AD952A8D0F8E00D219BC /* PieceMovement+.swift in Sources */ = {isa = PBXBuildFile; fileRef = 6E89AD942A8D0F8E00D219BC /* PieceMovement+.swift */; };
		6E89AD972A8D0F9600D219BC /* Player.swift in Sources */ = {isa = PBXBuildFile; fileRef = 6E89AD962A8D0F9600D219BC /* Player.swift */; };
		6E9A41F22A84B7F6004D2C12 /* As2GameApp.swift in Sources */ = {isa = PBXBuildFile; fileRef = 6E9A41F12A84B7F6004D2C12 /* As2GameApp.swift */; };
		6E9A41F42A84B7F6004D2C12 /* ContentView.swift in Sources */ = {isa = PBXBuildFile; fileRef = 6E9A41F32A84B7F6004D2C12 /* ContentView.swift */; };
		6E9A41F62A84B7F7004D2C12 /* Assets.xcassets in Resources */ = {isa = PBXBuildFile; fileRef = 6E9A41F52A84B7F7004D2C12 /* Assets.xcassets */; };
		6E9A41F92A84B7F7004D2C12 /* Preview Assets.xcassets in Resources */ = {isa = PBXBuildFile; fileRef = 6E9A41F82A84B7F7004D2C12 /* Preview Assets.xcassets */; };
		6E9A42032A84B7F8004D2C12 /* As2GameTests.swift in Sources */ = {isa = PBXBuildFile; fileRef = 6E9A42022A84B7F8004D2C12 /* As2GameTests.swift */; };
		6E9A420D2A84B7F8004D2C12 /* As2GameUITests.swift in Sources */ = {isa = PBXBuildFile; fileRef = 6E9A420C2A84B7F8004D2C12 /* As2GameUITests.swift */; };
		6E9A420F2A84B7F8004D2C12 /* As2GameUITestsLaunchTests.swift in Sources */ = {isa = PBXBuildFile; fileRef = 6E9A420E2A84B7F8004D2C12 /* As2GameUITestsLaunchTests.swift */; };
		6E9A421E2A862E90004D2C12 /* UserModel.xcdatamodeld in Sources */ = {isa = PBXBuildFile; fileRef = 6E9A421C2A862E8F004D2C12 /* UserModel.xcdatamodeld */; };
		6E9A42202A863050004D2C12 /* DataController.swift in Sources */ = {isa = PBXBuildFile; fileRef = 6E9A421F2A863050004D2C12 /* DataController.swift */; };
		6E9A42232A866C49004D2C12 /* AddUserView.swift in Sources */ = {isa = PBXBuildFile; fileRef = 6E9A42222A866C49004D2C12 /* AddUserView.swift */; };
		6E9A42262A88F8D1004D2C12 /* LogInView.swift in Sources */ = {isa = PBXBuildFile; fileRef = 6E9A42252A88F8D1004D2C12 /* LogInView.swift */; };
		6E9A422A2A895467004D2C12 /* Extensions.swift in Sources */ = {isa = PBXBuildFile; fileRef = 6E9A42292A895467004D2C12 /* Extensions.swift */; };
		6E9A422C2A8A5152004D2C12 /* testView.swift in Sources */ = {isa = PBXBuildFile; fileRef = 6E9A422B2A8A5152004D2C12 /* testView.swift */; };
		6EFC3C912A8F6E9D0044BA2D /* CustomFooterView.swift in Sources */ = {isa = PBXBuildFile; fileRef = 6EFC3C902A8F6E9D0044BA2D /* CustomFooterView.swift */; };
		6EFC3C942A8F86500044BA2D /* DashBoardView.swift in Sources */ = {isa = PBXBuildFile; fileRef = 6EFC3C932A8F86500044BA2D /* DashBoardView.swift */; };
/* End PBXBuildFile section */

/* Begin PBXContainerItemProxy section */
		6E9A41FF2A84B7F8004D2C12 /* PBXContainerItemProxy */ = {
			isa = PBXContainerItemProxy;
			containerPortal = 6E9A41E62A84B7F6004D2C12 /* Project object */;
			proxyType = 1;
			remoteGlobalIDString = 6E9A41ED2A84B7F6004D2C12;
			remoteInfo = As2Game;
		};
		6E9A42092A84B7F8004D2C12 /* PBXContainerItemProxy */ = {
			isa = PBXContainerItemProxy;
			containerPortal = 6E9A41E62A84B7F6004D2C12 /* Project object */;
			proxyType = 1;
			remoteGlobalIDString = 6E9A41ED2A84B7F6004D2C12;
			remoteInfo = As2Game;
		};
/* End PBXContainerItemProxy section */

/* Begin PBXFileReference section */
		6E89AD582A8D0C6A00D219BC /* AIEngine.swift */ = {isa = PBXFileReference; lastKnownFileType = sourcecode.swift; path = AIEngine.swift; sourceTree = "<group>"; };
		6E89AD5A2A8D0C7D00D219BC /* AIPlayer.swift */ = {isa = PBXFileReference; lastKnownFileType = sourcecode.swift; path = AIPlayer.swift; sourceTree = "<group>"; };
		6E89AD5C2A8D0C8900D219BC /* AIMove.swift */ = {isa = PBXFileReference; lastKnownFileType = sourcecode.swift; path = AIMove.swift; sourceTree = "<group>"; };
		6E89AD5E2A8D0C9200D219BC /* AIChess.swift */ = {isa = PBXFileReference; lastKnownFileType = sourcecode.swift; path = AIChess.swift; sourceTree = "<group>"; };
		6E89AD602A8D0CDE00D219BC /* Array+.swift */ = {isa = PBXFileReference; lastKnownFileType = sourcecode.swift; path = "Array+.swift"; sourceTree = "<group>"; };
		6E89AD622A8D0CEB00D219BC /* CGSize+.swift */ = {isa = PBXFileReference; lastKnownFileType = sourcecode.swift; path = "CGSize+.swift"; sourceTree = "<group>"; };
		6E89AD642A8D0D0300D219BC /* TimeInterval.swift */ = {isa = PBXFileReference; lastKnownFileType = sourcecode.swift; path = TimeInterval.swift; sourceTree = "<group>"; };
		6E89AD662A8D0D1300D219BC /* Position+UIKit.swift */ = {isa = PBXFileReference; lastKnownFileType = sourcecode.swift; path = "Position+UIKit.swift"; sourceTree = "<group>"; };
		6E89AD682A8D0D4B00D219BC /* AppDelegate.swift */ = {isa = PBXFileReference; lastKnownFileType = sourcecode.swift; path = AppDelegate.swift; sourceTree = "<group>"; };
		6E89AD6A2A8D0D6300D219BC /* SceneDelegate.swift */ = {isa = PBXFileReference; lastKnownFileType = sourcecode.swift; path = SceneDelegate.swift; sourceTree = "<group>"; };
		6E89AD6E2A8D0D9F00D219BC /* Move.swift */ = {isa = PBXFileReference; lastKnownFileType = sourcecode.swift; path = Move.swift; sourceTree = "<group>"; };
		6E89AD702A8D0DA700D219BC /* Position.swift */ = {isa = PBXFileReference; lastKnownFileType = sourcecode.swift; path = Position.swift; sourceTree = "<group>"; };
		6E89AD722A8D0DB500D219BC /* GameMode.swift */ = {isa = PBXFileReference; lastKnownFileType = sourcecode.swift; path = GameMode.swift; sourceTree = "<group>"; };
		6E89AD742A8D0DD500D219BC /* Piece.swift */ = {isa = PBXFileReference; lastKnownFileType = sourcecode.swift; path = Piece.swift; sourceTree = "<group>"; };
		6E89AD762A8D0DDD00D219BC /* PieceType.swift */ = {isa = PBXFileReference; lastKnownFileType = sourcecode.swift; path = PieceType.swift; sourceTree = "<group>"; };
		6E89AD7A2A8D0E5100D219BC /* GameSelectorView.swift */ = {isa = PBXFileReference; lastKnownFileType = sourcecode.swift; path = GameSelectorView.swift; sourceTree = "<group>"; };
		6E89AD7C2A8D0E7500D219BC /* GameSelectorViewModel.swift */ = {isa = PBXFileReference; lastKnownFileType = sourcecode.swift; path = GameSelectorViewModel.swift; sourceTree = "<group>"; };
		6E89AD7E2A8D0E8600D219BC /* GameModelView.swift */ = {isa = PBXFileReference; lastKnownFileType = sourcecode.swift; path = GameModelView.swift; sourceTree = "<group>"; };
		6E89AD812A8D0EB200D219BC /* GameView.swift */ = {isa = PBXFileReference; lastKnownFileType = sourcecode.swift; path = GameView.swift; sourceTree = "<group>"; };
		6E89AD832A8D0EC600D219BC /* GameViewModel.swift */ = {isa = PBXFileReference; lastKnownFileType = sourcecode.swift; path = GameViewModel.swift; sourceTree = "<group>"; };
		6E89AD852A8D0EE500D219BC /* HudView.swift */ = {isa = PBXFileReference; lastKnownFileType = sourcecode.swift; path = HudView.swift; sourceTree = "<group>"; };
		6E89AD872A8D0F0200D219BC /* ChessBoardView.swift */ = {isa = PBXFileReference; lastKnownFileType = sourcecode.swift; path = ChessBoardView.swift; sourceTree = "<group>"; };
		6E89AD892A8D0F1500D219BC /* BackGroundView.swift */ = {isa = PBXFileReference; lastKnownFileType = sourcecode.swift; path = BackGroundView.swift; sourceTree = "<group>"; };
		6E89AD8C2A8D0F3A00D219BC /* ChessGame.swift */ = {isa = PBXFileReference; lastKnownFileType = sourcecode.swift; path = ChessGame.swift; sourceTree = "<group>"; };
		6E89AD8E2A8D0F5100D219BC /* ChessGame+Copy.swift */ = {isa = PBXFileReference; lastKnownFileType = sourcecode.swift; path = "ChessGame+Copy.swift"; sourceTree = "<group>"; };
		6E89AD902A8D0F6800D219BC /* ChessGame+Board.swift */ = {isa = PBXFileReference; lastKnownFileType = sourcecode.swift; path = "ChessGame+Board.swift"; sourceTree = "<group>"; };
		6E89AD922A8D0F8000D219BC /* PieceMovement.swift */ = {isa = PBXFileReference; lastKnownFileType = sourcecode.swift; path = PieceMovement.swift; sourceTree = "<group>"; };
		6E89AD942A8D0F8E00D219BC /* PieceMovement+.swift */ = {isa = PBXFileReference; lastKnownFileType = sourcecode.swift; path = "PieceMovement+.swift"; sourceTree = "<group>"; };
		6E89AD962A8D0F9600D219BC /* Player.swift */ = {isa = PBXFileReference; lastKnownFileType = sourcecode.swift; path = Player.swift; sourceTree = "<group>"; };
		6E9A41EE2A84B7F6004D2C12 /* As2Game.app */ = {isa = PBXFileReference; explicitFileType = wrapper.application; includeInIndex = 0; path = As2Game.app; sourceTree = BUILT_PRODUCTS_DIR; };
		6E9A41F12A84B7F6004D2C12 /* As2GameApp.swift */ = {isa = PBXFileReference; lastKnownFileType = sourcecode.swift; path = As2GameApp.swift; sourceTree = "<group>"; };
		6E9A41F32A84B7F6004D2C12 /* ContentView.swift */ = {isa = PBXFileReference; lastKnownFileType = sourcecode.swift; path = ContentView.swift; sourceTree = "<group>"; };
		6E9A41F52A84B7F7004D2C12 /* Assets.xcassets */ = {isa = PBXFileReference; lastKnownFileType = folder.assetcatalog; path = Assets.xcassets; sourceTree = "<group>"; };
		6E9A41F82A84B7F7004D2C12 /* Preview Assets.xcassets */ = {isa = PBXFileReference; lastKnownFileType = folder.assetcatalog; path = "Preview Assets.xcassets"; sourceTree = "<group>"; };
		6E9A41FE2A84B7F8004D2C12 /* As2GameTests.xctest */ = {isa = PBXFileReference; explicitFileType = wrapper.cfbundle; includeInIndex = 0; path = As2GameTests.xctest; sourceTree = BUILT_PRODUCTS_DIR; };
		6E9A42022A84B7F8004D2C12 /* As2GameTests.swift */ = {isa = PBXFileReference; lastKnownFileType = sourcecode.swift; path = As2GameTests.swift; sourceTree = "<group>"; };
		6E9A42082A84B7F8004D2C12 /* As2GameUITests.xctest */ = {isa = PBXFileReference; explicitFileType = wrapper.cfbundle; includeInIndex = 0; path = As2GameUITests.xctest; sourceTree = BUILT_PRODUCTS_DIR; };
		6E9A420C2A84B7F8004D2C12 /* As2GameUITests.swift */ = {isa = PBXFileReference; lastKnownFileType = sourcecode.swift; path = As2GameUITests.swift; sourceTree = "<group>"; };
		6E9A420E2A84B7F8004D2C12 /* As2GameUITestsLaunchTests.swift */ = {isa = PBXFileReference; lastKnownFileType = sourcecode.swift; path = As2GameUITestsLaunchTests.swift; sourceTree = "<group>"; };
		6E9A421D2A862E90004D2C12 /* Model.xcdatamodel */ = {isa = PBXFileReference; lastKnownFileType = wrapper.xcdatamodel; path = Model.xcdatamodel; sourceTree = "<group>"; };
		6E9A421F2A863050004D2C12 /* DataController.swift */ = {isa = PBXFileReference; lastKnownFileType = sourcecode.swift; path = DataController.swift; sourceTree = "<group>"; };
		6E9A42222A866C49004D2C12 /* AddUserView.swift */ = {isa = PBXFileReference; lastKnownFileType = sourcecode.swift; path = AddUserView.swift; sourceTree = "<group>"; };
		6E9A42252A88F8D1004D2C12 /* LogInView.swift */ = {isa = PBXFileReference; lastKnownFileType = sourcecode.swift; path = LogInView.swift; sourceTree = "<group>"; };
		6E9A42292A895467004D2C12 /* Extensions.swift */ = {isa = PBXFileReference; lastKnownFileType = sourcecode.swift; path = Extensions.swift; sourceTree = "<group>"; };
		6E9A422B2A8A5152004D2C12 /* testView.swift */ = {isa = PBXFileReference; lastKnownFileType = sourcecode.swift; path = testView.swift; sourceTree = "<group>"; };
		6EFC3C902A8F6E9D0044BA2D /* CustomFooterView.swift */ = {isa = PBXFileReference; lastKnownFileType = sourcecode.swift; path = CustomFooterView.swift; sourceTree = "<group>"; };
		6EFC3C932A8F86500044BA2D /* DashBoardView.swift */ = {isa = PBXFileReference; lastKnownFileType = sourcecode.swift; path = DashBoardView.swift; sourceTree = "<group>"; };
/* End PBXFileReference section */

/* Begin PBXFrameworksBuildPhase section */
		6E9A41EB2A84B7F6004D2C12 /* Frameworks */ = {
			isa = PBXFrameworksBuildPhase;
			buildActionMask = 2147483647;
			files = (
			);
			runOnlyForDeploymentPostprocessing = 0;
		};
		6E9A41FB2A84B7F8004D2C12 /* Frameworks */ = {
			isa = PBXFrameworksBuildPhase;
			buildActionMask = 2147483647;
			files = (
			);
			runOnlyForDeploymentPostprocessing = 0;
		};
		6E9A42052A84B7F8004D2C12 /* Frameworks */ = {
			isa = PBXFrameworksBuildPhase;
			buildActionMask = 2147483647;
			files = (
			);
			runOnlyForDeploymentPostprocessing = 0;
		};
/* End PBXFrameworksBuildPhase section */

/* Begin PBXGroup section */
		6E89AD572A8D0C5100D219BC /* AI */ = {
			isa = PBXGroup;
			children = (
				6E89AD582A8D0C6A00D219BC /* AIEngine.swift */,
				6E89AD5A2A8D0C7D00D219BC /* AIPlayer.swift */,
				6E89AD5C2A8D0C8900D219BC /* AIMove.swift */,
				6E89AD5E2A8D0C9200D219BC /* AIChess.swift */,
			);
			path = AI;
			sourceTree = "<group>";
		};
		6E89AD6C2A8D0D8900D219BC /* Model */ = {
			isa = PBXGroup;
			children = (
				6E89AD6E2A8D0D9F00D219BC /* Move.swift */,
				6E89AD702A8D0DA700D219BC /* Position.swift */,
				6E89AD6D2A8D0D8E00D219BC /* Piece */,
				6E89AD722A8D0DB500D219BC /* GameMode.swift */,
			);
			path = Model;
			sourceTree = "<group>";
		};
		6E89AD6D2A8D0D8E00D219BC /* Piece */ = {
			isa = PBXGroup;
			children = (
				6E89AD742A8D0DD500D219BC /* Piece.swift */,
				6E89AD762A8D0DDD00D219BC /* PieceType.swift */,
			);
			path = Piece;
			sourceTree = "<group>";
		};
		6E89AD782A8D0E1A00D219BC /* GameView */ = {
			isa = PBXGroup;
			children = (
				6E89AD812A8D0EB200D219BC /* GameView.swift */,
				6E89AD832A8D0EC600D219BC /* GameViewModel.swift */,
				6E89AD852A8D0EE500D219BC /* HudView.swift */,
				6E89AD872A8D0F0200D219BC /* ChessBoardView.swift */,
				6E89AD892A8D0F1500D219BC /* BackGroundView.swift */,
			);
			path = GameView;
			sourceTree = "<group>";
		};
		6E89AD792A8D0E2E00D219BC /* GameSelectorView */ = {
			isa = PBXGroup;
			children = (
				6E89AD7A2A8D0E5100D219BC /* GameSelectorView.swift */,
				6E89AD7C2A8D0E7500D219BC /* GameSelectorViewModel.swift */,
				6E89AD7E2A8D0E8600D219BC /* GameModelView.swift */,
			);
			path = GameSelectorView;
			sourceTree = "<group>";
		};
		6E89AD8B2A8D0F2600D219BC /* ChessGame */ = {
			isa = PBXGroup;
			children = (
				6E89AD8C2A8D0F3A00D219BC /* ChessGame.swift */,
				6E89AD8E2A8D0F5100D219BC /* ChessGame+Copy.swift */,
				6E89AD902A8D0F6800D219BC /* ChessGame+Board.swift */,
				6E89AD922A8D0F8000D219BC /* PieceMovement.swift */,
				6E89AD942A8D0F8E00D219BC /* PieceMovement+.swift */,
				6E89AD962A8D0F9600D219BC /* Player.swift */,
			);
			path = ChessGame;
			sourceTree = "<group>";
		};
		6E9A41E52A84B7F6004D2C12 = {
			isa = PBXGroup;
			children = (
				6E9A41F02A84B7F6004D2C12 /* As2Game */,
				6E9A42012A84B7F8004D2C12 /* As2GameTests */,
				6E9A420B2A84B7F8004D2C12 /* As2GameUITests */,
				6E9A41EF2A84B7F6004D2C12 /* Products */,
			);
			sourceTree = "<group>";
		};
		6E9A41EF2A84B7F6004D2C12 /* Products */ = {
			isa = PBXGroup;
			children = (
				6E9A41EE2A84B7F6004D2C12 /* As2Game.app */,
				6E9A41FE2A84B7F8004D2C12 /* As2GameTests.xctest */,
				6E9A42082A84B7F8004D2C12 /* As2GameUITests.xctest */,
			);
			name = Products;
			sourceTree = "<group>";
		};
		6E9A41F02A84B7F6004D2C12 /* As2Game */ = {
			isa = PBXGroup;
			children = (
				6E89AD572A8D0C5100D219BC /* AI */,
				6E89AD8B2A8D0F2600D219BC /* ChessGame */,
				6E9A42212A866C0B004D2C12 /* Views */,
				6E9A42282A895447004D2C12 /* ExtensionManage */,
				6E89AD6C2A8D0D8900D219BC /* Model */,
				6E89AD682A8D0D4B00D219BC /* AppDelegate.swift */,
				6E89AD6A2A8D0D6300D219BC /* SceneDelegate.swift */,
				6E9A421B2A862E68004D2C12 /* DataModel */,
				6E9A41F12A84B7F6004D2C12 /* As2GameApp.swift */,
				6E9A41F52A84B7F7004D2C12 /* Assets.xcassets */,
				6E9A41F72A84B7F7004D2C12 /* Preview Content */,
			);
			path = As2Game;
			sourceTree = "<group>";
		};
		6E9A41F72A84B7F7004D2C12 /* Preview Content */ = {
			isa = PBXGroup;
			children = (
				6E9A41F82A84B7F7004D2C12 /* Preview Assets.xcassets */,
			);
			path = "Preview Content";
			sourceTree = "<group>";
		};
		6E9A42012A84B7F8004D2C12 /* As2GameTests */ = {
			isa = PBXGroup;
			children = (
				6E9A42022A84B7F8004D2C12 /* As2GameTests.swift */,
			);
			path = As2GameTests;
			sourceTree = "<group>";
		};
		6E9A420B2A84B7F8004D2C12 /* As2GameUITests */ = {
			isa = PBXGroup;
			children = (
				6E9A420C2A84B7F8004D2C12 /* As2GameUITests.swift */,
				6E9A420E2A84B7F8004D2C12 /* As2GameUITestsLaunchTests.swift */,
			);
			path = As2GameUITests;
			sourceTree = "<group>";
		};
		6E9A421B2A862E68004D2C12 /* DataModel */ = {
			isa = PBXGroup;
			children = (
				6E9A421C2A862E8F004D2C12 /* UserModel.xcdatamodeld */,
				6E9A421F2A863050004D2C12 /* DataController.swift */,
				6E9A422B2A8A5152004D2C12 /* testView.swift */,
			);
			path = DataModel;
			sourceTree = "<group>";
		};
		6E9A42212A866C0B004D2C12 /* Views */ = {
			isa = PBXGroup;
			children = (
				6EFC3C922A8F86310044BA2D /* DashBoard */,
				6EFC3C8F2A8F6E7D0044BA2D /* CustomFooter */,
				6E89AD792A8D0E2E00D219BC /* GameSelectorView */,
				6E89AD782A8D0E1A00D219BC /* GameView */,
				6E9A42242A88F8BA004D2C12 /* LogInView */,
				6E9A41F32A84B7F6004D2C12 /* ContentView.swift */,
				6E9A42222A866C49004D2C12 /* AddUserView.swift */,
			);
			path = Views;
			sourceTree = "<group>";
		};
		6E9A42242A88F8BA004D2C12 /* LogInView */ = {
			isa = PBXGroup;
			children = (
				6E9A42252A88F8D1004D2C12 /* LogInView.swift */,
			);
			path = LogInView;
			sourceTree = "<group>";
		};
		6E9A42282A895447004D2C12 /* ExtensionManage */ = {
			isa = PBXGroup;
			children = (
				6E89AD622A8D0CEB00D219BC /* CGSize+.swift */,
				6E89AD602A8D0CDE00D219BC /* Array+.swift */,
				6E89AD642A8D0D0300D219BC /* TimeInterval.swift */,
				6E89AD662A8D0D1300D219BC /* Position+UIKit.swift */,
				6E9A42292A895467004D2C12 /* Extensions.swift */,
			);
			path = ExtensionManage;
			sourceTree = "<group>";
		};
		6EFC3C8F2A8F6E7D0044BA2D /* CustomFooter */ = {
			isa = PBXGroup;
			children = (
				6EFC3C902A8F6E9D0044BA2D /* CustomFooterView.swift */,
			);
			path = CustomFooter;
			sourceTree = "<group>";
		};
		6EFC3C922A8F86310044BA2D /* DashBoard */ = {
			isa = PBXGroup;
			children = (
				6EFC3C932A8F86500044BA2D /* DashBoardView.swift */,
			);
			path = DashBoard;
			sourceTree = "<group>";
		};
/* End PBXGroup section */

/* Begin PBXNativeTarget section */
		6E9A41ED2A84B7F6004D2C12 /* As2Game */ = {
			isa = PBXNativeTarget;
			buildConfigurationList = 6E9A42122A84B7F8004D2C12 /* Build configuration list for PBXNativeTarget "As2Game" */;
			buildPhases = (
				6E9A41EA2A84B7F6004D2C12 /* Sources */,
				6E9A41EB2A84B7F6004D2C12 /* Frameworks */,
				6E9A41EC2A84B7F6004D2C12 /* Resources */,
			);
			buildRules = (
			);
			dependencies = (
			);
			name = As2Game;
			productName = As2Game;
			productReference = 6E9A41EE2A84B7F6004D2C12 /* As2Game.app */;
			productType = "com.apple.product-type.application";
		};
		6E9A41FD2A84B7F8004D2C12 /* As2GameTests */ = {
			isa = PBXNativeTarget;
			buildConfigurationList = 6E9A42152A84B7F8004D2C12 /* Build configuration list for PBXNativeTarget "As2GameTests" */;
			buildPhases = (
				6E9A41FA2A84B7F8004D2C12 /* Sources */,
				6E9A41FB2A84B7F8004D2C12 /* Frameworks */,
				6E9A41FC2A84B7F8004D2C12 /* Resources */,
			);
			buildRules = (
			);
			dependencies = (
				6E9A42002A84B7F8004D2C12 /* PBXTargetDependency */,
			);
			name = As2GameTests;
			productName = As2GameTests;
			productReference = 6E9A41FE2A84B7F8004D2C12 /* As2GameTests.xctest */;
			productType = "com.apple.product-type.bundle.unit-test";
		};
		6E9A42072A84B7F8004D2C12 /* As2GameUITests */ = {
			isa = PBXNativeTarget;
			buildConfigurationList = 6E9A42182A84B7F8004D2C12 /* Build configuration list for PBXNativeTarget "As2GameUITests" */;
			buildPhases = (
				6E9A42042A84B7F8004D2C12 /* Sources */,
				6E9A42052A84B7F8004D2C12 /* Frameworks */,
				6E9A42062A84B7F8004D2C12 /* Resources */,
			);
			buildRules = (
			);
			dependencies = (
				6E9A420A2A84B7F8004D2C12 /* PBXTargetDependency */,
			);
			name = As2GameUITests;
			productName = As2GameUITests;
			productReference = 6E9A42082A84B7F8004D2C12 /* As2GameUITests.xctest */;
			productType = "com.apple.product-type.bundle.ui-testing";
		};
/* End PBXNativeTarget section */

/* Begin PBXProject section */
		6E9A41E62A84B7F6004D2C12 /* Project object */ = {
			isa = PBXProject;
			attributes = {
				BuildIndependentTargetsInParallel = 1;
				LastSwiftUpdateCheck = 1430;
				LastUpgradeCheck = 1430;
				TargetAttributes = {
					6E9A41ED2A84B7F6004D2C12 = {
						CreatedOnToolsVersion = 14.3.1;
					};
					6E9A41FD2A84B7F8004D2C12 = {
						CreatedOnToolsVersion = 14.3.1;
						TestTargetID = 6E9A41ED2A84B7F6004D2C12;
					};
					6E9A42072A84B7F8004D2C12 = {
						CreatedOnToolsVersion = 14.3.1;
						TestTargetID = 6E9A41ED2A84B7F6004D2C12;
					};
				};
			};
			buildConfigurationList = 6E9A41E92A84B7F6004D2C12 /* Build configuration list for PBXProject "As2Game" */;
			compatibilityVersion = "Xcode 14.0";
			developmentRegion = en;
			hasScannedForEncodings = 0;
			knownRegions = (
				en,
				Base,
			);
			mainGroup = 6E9A41E52A84B7F6004D2C12;
			productRefGroup = 6E9A41EF2A84B7F6004D2C12 /* Products */;
			projectDirPath = "";
			projectRoot = "";
			targets = (
				6E9A41ED2A84B7F6004D2C12 /* As2Game */,
				6E9A41FD2A84B7F8004D2C12 /* As2GameTests */,
				6E9A42072A84B7F8004D2C12 /* As2GameUITests */,
			);
		};
/* End PBXProject section */

/* Begin PBXResourcesBuildPhase section */
		6E9A41EC2A84B7F6004D2C12 /* Resources */ = {
			isa = PBXResourcesBuildPhase;
			buildActionMask = 2147483647;
			files = (
				6E9A41F92A84B7F7004D2C12 /* Preview Assets.xcassets in Resources */,
				6E9A41F62A84B7F7004D2C12 /* Assets.xcassets in Resources */,
			);
			runOnlyForDeploymentPostprocessing = 0;
		};
		6E9A41FC2A84B7F8004D2C12 /* Resources */ = {
			isa = PBXResourcesBuildPhase;
			buildActionMask = 2147483647;
			files = (
			);
			runOnlyForDeploymentPostprocessing = 0;
		};
		6E9A42062A84B7F8004D2C12 /* Resources */ = {
			isa = PBXResourcesBuildPhase;
			buildActionMask = 2147483647;
			files = (
			);
			runOnlyForDeploymentPostprocessing = 0;
		};
/* End PBXResourcesBuildPhase section */

/* Begin PBXSourcesBuildPhase section */
		6E9A41EA2A84B7F6004D2C12 /* Sources */ = {
			isa = PBXSourcesBuildPhase;
			buildActionMask = 2147483647;
			files = (
				6E89AD752A8D0DD500D219BC /* Piece.swift in Sources */,
				6E89AD912A8D0F6800D219BC /* ChessGame+Board.swift in Sources */,
				6E89AD612A8D0CDE00D219BC /* Array+.swift in Sources */,
				6E89AD932A8D0F8000D219BC /* PieceMovement.swift in Sources */,
				6E89AD7F2A8D0E8600D219BC /* GameModelView.swift in Sources */,
				6E89AD7D2A8D0E7500D219BC /* GameSelectorViewModel.swift in Sources */,
				6E89AD882A8D0F0200D219BC /* ChessBoardView.swift in Sources */,
				6E89AD652A8D0D0300D219BC /* TimeInterval.swift in Sources */,
				6EFC3C912A8F6E9D0044BA2D /* CustomFooterView.swift in Sources */,
				6E89AD8A2A8D0F1500D219BC /* BackGroundView.swift in Sources */,
				6E89AD5B2A8D0C7D00D219BC /* AIPlayer.swift in Sources */,
				6E89AD592A8D0C6A00D219BC /* AIEngine.swift in Sources */,
				6E9A42262A88F8D1004D2C12 /* LogInView.swift in Sources */,
				6E89AD672A8D0D1300D219BC /* Position+UIKit.swift in Sources */,
				6E89AD632A8D0CEB00D219BC /* CGSize+.swift in Sources */,
				6E9A41F42A84B7F6004D2C12 /* ContentView.swift in Sources */,
				6E9A42202A863050004D2C12 /* DataController.swift in Sources */,
				6E9A42232A866C49004D2C12 /* AddUserView.swift in Sources */,
				6E89AD822A8D0EB200D219BC /* GameView.swift in Sources */,
				6E9A422C2A8A5152004D2C12 /* testView.swift in Sources */,
				6E89AD6B2A8D0D6300D219BC /* SceneDelegate.swift in Sources */,
				6E89AD862A8D0EE500D219BC /* HudView.swift in Sources */,
				6E9A41F22A84B7F6004D2C12 /* As2GameApp.swift in Sources */,
				6E89AD5F2A8D0C9200D219BC /* AIChess.swift in Sources */,
				6E89AD952A8D0F8E00D219BC /* PieceMovement+.swift in Sources */,
				6E89AD7B2A8D0E5100D219BC /* GameSelectorView.swift in Sources */,
				6E89AD732A8D0DB500D219BC /* GameMode.swift in Sources */,
				6E89AD842A8D0EC600D219BC /* GameViewModel.swift in Sources */,
				6E9A421E2A862E90004D2C12 /* UserModel.xcdatamodeld in Sources */,
				6E89AD8F2A8D0F5100D219BC /* ChessGame+Copy.swift in Sources */,
				6E9A422A2A895467004D2C12 /* Extensions.swift in Sources */,
				6E89AD8D2A8D0F3A00D219BC /* ChessGame.swift in Sources */,
				6E89AD772A8D0DDD00D219BC /* PieceType.swift in Sources */,
				6E89AD6F2A8D0D9F00D219BC /* Move.swift in Sources */,
				6E89AD692A8D0D4B00D219BC /* AppDelegate.swift in Sources */,
				6E89AD712A8D0DA700D219BC /* Position.swift in Sources */,
				6EFC3C942A8F86500044BA2D /* DashBoardView.swift in Sources */,
				6E89AD5D2A8D0C8900D219BC /* AIMove.swift in Sources */,
				6E89AD972A8D0F9600D219BC /* Player.swift in Sources */,
			);
			runOnlyForDeploymentPostprocessing = 0;
		};
		6E9A41FA2A84B7F8004D2C12 /* Sources */ = {
			isa = PBXSourcesBuildPhase;
			buildActionMask = 2147483647;
			files = (
				6E9A42032A84B7F8004D2C12 /* As2GameTests.swift in Sources */,
			);
			runOnlyForDeploymentPostprocessing = 0;
		};
		6E9A42042A84B7F8004D2C12 /* Sources */ = {
			isa = PBXSourcesBuildPhase;
			buildActionMask = 2147483647;
			files = (
				6E9A420D2A84B7F8004D2C12 /* As2GameUITests.swift in Sources */,
				6E9A420F2A84B7F8004D2C12 /* As2GameUITestsLaunchTests.swift in Sources */,
			);
			runOnlyForDeploymentPostprocessing = 0;
		};
/* End PBXSourcesBuildPhase section */

/* Begin PBXTargetDependency section */
		6E9A42002A84B7F8004D2C12 /* PBXTargetDependency */ = {
			isa = PBXTargetDependency;
			target = 6E9A41ED2A84B7F6004D2C12 /* As2Game */;
			targetProxy = 6E9A41FF2A84B7F8004D2C12 /* PBXContainerItemProxy */;
		};
		6E9A420A2A84B7F8004D2C12 /* PBXTargetDependency */ = {
			isa = PBXTargetDependency;
			target = 6E9A41ED2A84B7F6004D2C12 /* As2Game */;
			targetProxy = 6E9A42092A84B7F8004D2C12 /* PBXContainerItemProxy */;
		};
/* End PBXTargetDependency section */

/* Begin XCBuildConfiguration section */
		6E9A42102A84B7F8004D2C12 /* Debug */ = {
			isa = XCBuildConfiguration;
			buildSettings = {
				ALWAYS_SEARCH_USER_PATHS = NO;
				CLANG_ANALYZER_NONNULL = YES;
				CLANG_ANALYZER_NUMBER_OBJECT_CONVERSION = YES_AGGRESSIVE;
				CLANG_CXX_LANGUAGE_STANDARD = "gnu++20";
				CLANG_ENABLE_MODULES = YES;
				CLANG_ENABLE_OBJC_ARC = YES;
				CLANG_ENABLE_OBJC_WEAK = YES;
				CLANG_WARN_BLOCK_CAPTURE_AUTORELEASING = YES;
				CLANG_WARN_BOOL_CONVERSION = YES;
				CLANG_WARN_COMMA = YES;
				CLANG_WARN_CONSTANT_CONVERSION = YES;
				CLANG_WARN_DEPRECATED_OBJC_IMPLEMENTATIONS = YES;
				CLANG_WARN_DIRECT_OBJC_ISA_USAGE = YES_ERROR;
				CLANG_WARN_DOCUMENTATION_COMMENTS = YES;
				CLANG_WARN_EMPTY_BODY = YES;
				CLANG_WARN_ENUM_CONVERSION = YES;
				CLANG_WARN_INFINITE_RECURSION = YES;
				CLANG_WARN_INT_CONVERSION = YES;
				CLANG_WARN_NON_LITERAL_NULL_CONVERSION = YES;
				CLANG_WARN_OBJC_IMPLICIT_RETAIN_SELF = YES;
				CLANG_WARN_OBJC_LITERAL_CONVERSION = YES;
				CLANG_WARN_OBJC_ROOT_CLASS = YES_ERROR;
				CLANG_WARN_QUOTED_INCLUDE_IN_FRAMEWORK_HEADER = YES;
				CLANG_WARN_RANGE_LOOP_ANALYSIS = YES;
				CLANG_WARN_STRICT_PROTOTYPES = YES;
				CLANG_WARN_SUSPICIOUS_MOVE = YES;
				CLANG_WARN_UNGUARDED_AVAILABILITY = YES_AGGRESSIVE;
				CLANG_WARN_UNREACHABLE_CODE = YES;
				CLANG_WARN__DUPLICATE_METHOD_MATCH = YES;
				COPY_PHASE_STRIP = NO;
				DEBUG_INFORMATION_FORMAT = dwarf;
				ENABLE_STRICT_OBJC_MSGSEND = YES;
				ENABLE_TESTABILITY = YES;
				GCC_C_LANGUAGE_STANDARD = gnu11;
				GCC_DYNAMIC_NO_PIC = NO;
				GCC_NO_COMMON_BLOCKS = YES;
				GCC_OPTIMIZATION_LEVEL = 0;
				GCC_PREPROCESSOR_DEFINITIONS = (
					"DEBUG=1",
					"$(inherited)",
				);
				GCC_WARN_64_TO_32_BIT_CONVERSION = YES;
				GCC_WARN_ABOUT_RETURN_TYPE = YES_ERROR;
				GCC_WARN_UNDECLARED_SELECTOR = YES;
				GCC_WARN_UNINITIALIZED_AUTOS = YES_AGGRESSIVE;
				GCC_WARN_UNUSED_FUNCTION = YES;
				GCC_WARN_UNUSED_VARIABLE = YES;
				IPHONEOS_DEPLOYMENT_TARGET = 16.4;
				MTL_ENABLE_DEBUG_INFO = INCLUDE_SOURCE;
				MTL_FAST_MATH = YES;
				ONLY_ACTIVE_ARCH = YES;
				SDKROOT = iphoneos;
				SWIFT_ACTIVE_COMPILATION_CONDITIONS = DEBUG;
				SWIFT_OPTIMIZATION_LEVEL = "-Onone";
			};
			name = Debug;
		};
		6E9A42112A84B7F8004D2C12 /* Release */ = {
			isa = XCBuildConfiguration;
			buildSettings = {
				ALWAYS_SEARCH_USER_PATHS = NO;
				CLANG_ANALYZER_NONNULL = YES;
				CLANG_ANALYZER_NUMBER_OBJECT_CONVERSION = YES_AGGRESSIVE;
				CLANG_CXX_LANGUAGE_STANDARD = "gnu++20";
				CLANG_ENABLE_MODULES = YES;
				CLANG_ENABLE_OBJC_ARC = YES;
				CLANG_ENABLE_OBJC_WEAK = YES;
				CLANG_WARN_BLOCK_CAPTURE_AUTORELEASING = YES;
				CLANG_WARN_BOOL_CONVERSION = YES;
				CLANG_WARN_COMMA = YES;
				CLANG_WARN_CONSTANT_CONVERSION = YES;
				CLANG_WARN_DEPRECATED_OBJC_IMPLEMENTATIONS = YES;
				CLANG_WARN_DIRECT_OBJC_ISA_USAGE = YES_ERROR;
				CLANG_WARN_DOCUMENTATION_COMMENTS = YES;
				CLANG_WARN_EMPTY_BODY = YES;
				CLANG_WARN_ENUM_CONVERSION = YES;
				CLANG_WARN_INFINITE_RECURSION = YES;
				CLANG_WARN_INT_CONVERSION = YES;
				CLANG_WARN_NON_LITERAL_NULL_CONVERSION = YES;
				CLANG_WARN_OBJC_IMPLICIT_RETAIN_SELF = YES;
				CLANG_WARN_OBJC_LITERAL_CONVERSION = YES;
				CLANG_WARN_OBJC_ROOT_CLASS = YES_ERROR;
				CLANG_WARN_QUOTED_INCLUDE_IN_FRAMEWORK_HEADER = YES;
				CLANG_WARN_RANGE_LOOP_ANALYSIS = YES;
				CLANG_WARN_STRICT_PROTOTYPES = YES;
				CLANG_WARN_SUSPICIOUS_MOVE = YES;
				CLANG_WARN_UNGUARDED_AVAILABILITY = YES_AGGRESSIVE;
				CLANG_WARN_UNREACHABLE_CODE = YES;
				CLANG_WARN__DUPLICATE_METHOD_MATCH = YES;
				COPY_PHASE_STRIP = NO;
				DEBUG_INFORMATION_FORMAT = "dwarf-with-dsym";
				ENABLE_NS_ASSERTIONS = NO;
				ENABLE_STRICT_OBJC_MSGSEND = YES;
				GCC_C_LANGUAGE_STANDARD = gnu11;
				GCC_NO_COMMON_BLOCKS = YES;
				GCC_WARN_64_TO_32_BIT_CONVERSION = YES;
				GCC_WARN_ABOUT_RETURN_TYPE = YES_ERROR;
				GCC_WARN_UNDECLARED_SELECTOR = YES;
				GCC_WARN_UNINITIALIZED_AUTOS = YES_AGGRESSIVE;
				GCC_WARN_UNUSED_FUNCTION = YES;
				GCC_WARN_UNUSED_VARIABLE = YES;
				IPHONEOS_DEPLOYMENT_TARGET = 16.4;
				MTL_ENABLE_DEBUG_INFO = NO;
				MTL_FAST_MATH = YES;
				SDKROOT = iphoneos;
				SWIFT_COMPILATION_MODE = wholemodule;
				SWIFT_OPTIMIZATION_LEVEL = "-O";
				VALIDATE_PRODUCT = YES;
			};
			name = Release;
		};
		6E9A42132A84B7F8004D2C12 /* Debug */ = {
			isa = XCBuildConfiguration;
			buildSettings = {
				ASSETCATALOG_COMPILER_APPICON_NAME = AppIcon;
				ASSETCATALOG_COMPILER_GLOBAL_ACCENT_COLOR_NAME = AccentColor;
				CODE_SIGN_STYLE = Automatic;
				CURRENT_PROJECT_VERSION = 1;
				DEVELOPMENT_ASSET_PATHS = "\"As2Game/Preview Content\"";
				ENABLE_PREVIEWS = YES;
				GENERATE_INFOPLIST_FILE = YES;
				INFOPLIST_KEY_UIApplicationSceneManifest_Generation = YES;
				INFOPLIST_KEY_UIApplicationSupportsIndirectInputEvents = YES;
				INFOPLIST_KEY_UILaunchScreen_Generation = YES;
				INFOPLIST_KEY_UISupportedInterfaceOrientations_iPad = "UIInterfaceOrientationPortrait UIInterfaceOrientationPortraitUpsideDown UIInterfaceOrientationLandscapeLeft UIInterfaceOrientationLandscapeRight";
				INFOPLIST_KEY_UISupportedInterfaceOrientations_iPhone = "UIInterfaceOrientationPortrait UIInterfaceOrientationLandscapeLeft UIInterfaceOrientationLandscapeRight";
				LD_RUNPATH_SEARCH_PATHS = (
					"$(inherited)",
					"@executable_path/Frameworks",
				);
				MARKETING_VERSION = 1.0;
				PRODUCT_BUNDLE_IDENTIFIER = rmit.As2Game;
				PRODUCT_NAME = "$(TARGET_NAME)";
				SWIFT_EMIT_LOC_STRINGS = YES;
				SWIFT_VERSION = 5.0;
				TARGETED_DEVICE_FAMILY = "1,2";
			};
			name = Debug;
		};
		6E9A42142A84B7F8004D2C12 /* Release */ = {
			isa = XCBuildConfiguration;
			buildSettings = {
				ASSETCATALOG_COMPILER_APPICON_NAME = AppIcon;
				ASSETCATALOG_COMPILER_GLOBAL_ACCENT_COLOR_NAME = AccentColor;
				CODE_SIGN_STYLE = Automatic;
				CURRENT_PROJECT_VERSION = 1;
				DEVELOPMENT_ASSET_PATHS = "\"As2Game/Preview Content\"";
				ENABLE_PREVIEWS = YES;
				GENERATE_INFOPLIST_FILE = YES;
				INFOPLIST_KEY_UIApplicationSceneManifest_Generation = YES;
				INFOPLIST_KEY_UIApplicationSupportsIndirectInputEvents = YES;
				INFOPLIST_KEY_UILaunchScreen_Generation = YES;
				INFOPLIST_KEY_UISupportedInterfaceOrientations_iPad = "UIInterfaceOrientationPortrait UIInterfaceOrientationPortraitUpsideDown UIInterfaceOrientationLandscapeLeft UIInterfaceOrientationLandscapeRight";
				INFOPLIST_KEY_UISupportedInterfaceOrientations_iPhone = "UIInterfaceOrientationPortrait UIInterfaceOrientationLandscapeLeft UIInterfaceOrientationLandscapeRight";
				LD_RUNPATH_SEARCH_PATHS = (
					"$(inherited)",
					"@executable_path/Frameworks",
				);
				MARKETING_VERSION = 1.0;
				PRODUCT_BUNDLE_IDENTIFIER = rmit.As2Game;
				PRODUCT_NAME = "$(TARGET_NAME)";
				SWIFT_EMIT_LOC_STRINGS = YES;
				SWIFT_VERSION = 5.0;
				TARGETED_DEVICE_FAMILY = "1,2";
			};
			name = Release;
		};
		6E9A42162A84B7F8004D2C12 /* Debug */ = {
			isa = XCBuildConfiguration;
			buildSettings = {
				ALWAYS_EMBED_SWIFT_STANDARD_LIBRARIES = YES;
				BUNDLE_LOADER = "$(TEST_HOST)";
				CODE_SIGN_STYLE = Automatic;
				CURRENT_PROJECT_VERSION = 1;
				GENERATE_INFOPLIST_FILE = YES;
				IPHONEOS_DEPLOYMENT_TARGET = 16.4;
				MARKETING_VERSION = 1.0;
				PRODUCT_BUNDLE_IDENTIFIER = rmit.As2GameTests;
				PRODUCT_NAME = "$(TARGET_NAME)";
				SWIFT_EMIT_LOC_STRINGS = NO;
				SWIFT_VERSION = 5.0;
				TARGETED_DEVICE_FAMILY = "1,2";
				TEST_HOST = "$(BUILT_PRODUCTS_DIR)/As2Game.app/$(BUNDLE_EXECUTABLE_FOLDER_PATH)/As2Game";
			};
			name = Debug;
		};
		6E9A42172A84B7F8004D2C12 /* Release */ = {
			isa = XCBuildConfiguration;
			buildSettings = {
				ALWAYS_EMBED_SWIFT_STANDARD_LIBRARIES = YES;
				BUNDLE_LOADER = "$(TEST_HOST)";
				CODE_SIGN_STYLE = Automatic;
				CURRENT_PROJECT_VERSION = 1;
				GENERATE_INFOPLIST_FILE = YES;
				IPHONEOS_DEPLOYMENT_TARGET = 16.4;
				MARKETING_VERSION = 1.0;
				PRODUCT_BUNDLE_IDENTIFIER = rmit.As2GameTests;
				PRODUCT_NAME = "$(TARGET_NAME)";
				SWIFT_EMIT_LOC_STRINGS = NO;
				SWIFT_VERSION = 5.0;
				TARGETED_DEVICE_FAMILY = "1,2";
				TEST_HOST = "$(BUILT_PRODUCTS_DIR)/As2Game.app/$(BUNDLE_EXECUTABLE_FOLDER_PATH)/As2Game";
			};
			name = Release;
		};
		6E9A42192A84B7F8004D2C12 /* Debug */ = {
			isa = XCBuildConfiguration;
			buildSettings = {
				ALWAYS_EMBED_SWIFT_STANDARD_LIBRARIES = YES;
				CODE_SIGN_STYLE = Automatic;
				CURRENT_PROJECT_VERSION = 1;
				GENERATE_INFOPLIST_FILE = YES;
				MARKETING_VERSION = 1.0;
				PRODUCT_BUNDLE_IDENTIFIER = rmit.As2GameUITests;
				PRODUCT_NAME = "$(TARGET_NAME)";
				SWIFT_EMIT_LOC_STRINGS = NO;
				SWIFT_VERSION = 5.0;
				TARGETED_DEVICE_FAMILY = "1,2";
				TEST_TARGET_NAME = As2Game;
			};
			name = Debug;
		};
		6E9A421A2A84B7F8004D2C12 /* Release */ = {
			isa = XCBuildConfiguration;
			buildSettings = {
				ALWAYS_EMBED_SWIFT_STANDARD_LIBRARIES = YES;
				CODE_SIGN_STYLE = Automatic;
				CURRENT_PROJECT_VERSION = 1;
				GENERATE_INFOPLIST_FILE = YES;
				MARKETING_VERSION = 1.0;
				PRODUCT_BUNDLE_IDENTIFIER = rmit.As2GameUITests;
				PRODUCT_NAME = "$(TARGET_NAME)";
				SWIFT_EMIT_LOC_STRINGS = NO;
				SWIFT_VERSION = 5.0;
				TARGETED_DEVICE_FAMILY = "1,2";
				TEST_TARGET_NAME = As2Game;
			};
			name = Release;
		};
/* End XCBuildConfiguration section */

/* Begin XCConfigurationList section */
		6E9A41E92A84B7F6004D2C12 /* Build configuration list for PBXProject "As2Game" */ = {
			isa = XCConfigurationList;
			buildConfigurations = (
				6E9A42102A84B7F8004D2C12 /* Debug */,
				6E9A42112A84B7F8004D2C12 /* Release */,
			);
			defaultConfigurationIsVisible = 0;
			defaultConfigurationName = Release;
		};
		6E9A42122A84B7F8004D2C12 /* Build configuration list for PBXNativeTarget "As2Game" */ = {
			isa = XCConfigurationList;
			buildConfigurations = (
				6E9A42132A84B7F8004D2C12 /* Debug */,
				6E9A42142A84B7F8004D2C12 /* Release */,
			);
			defaultConfigurationIsVisible = 0;
			defaultConfigurationName = Release;
		};
		6E9A42152A84B7F8004D2C12 /* Build configuration list for PBXNativeTarget "As2GameTests" */ = {
			isa = XCConfigurationList;
			buildConfigurations = (
				6E9A42162A84B7F8004D2C12 /* Debug */,
				6E9A42172A84B7F8004D2C12 /* Release */,
			);
			defaultConfigurationIsVisible = 0;
			defaultConfigurationName = Release;
		};
		6E9A42182A84B7F8004D2C12 /* Build configuration list for PBXNativeTarget "As2GameUITests" */ = {
			isa = XCConfigurationList;
			buildConfigurations = (
				6E9A42192A84B7F8004D2C12 /* Debug */,
				6E9A421A2A84B7F8004D2C12 /* Release */,
			);
			defaultConfigurationIsVisible = 0;
			defaultConfigurationName = Release;
		};
/* End XCConfigurationList section */

/* Begin XCVersionGroup section */
		6E9A421C2A862E8F004D2C12 /* UserModel.xcdatamodeld */ = {
			isa = XCVersionGroup;
			children = (
				6E9A421D2A862E90004D2C12 /* Model.xcdatamodel */,
			);
			currentVersion = 6E9A421D2A862E90004D2C12 /* Model.xcdatamodel */;
			path = UserModel.xcdatamodeld;
			sourceTree = "<group>";
			versionGroupType = wrapper.xcdatamodel;
		};
/* End XCVersionGroup section */
	};
	rootObject = 6E9A41E62A84B7F6004D2C12 /* Project object */;
}
